// !$*UTF8*$!
{
	archiveVersion = 1;
	classes = {
	};
	objectVersion = 56;
	objects = {

/* Begin PBXBuildFile section */
		2417594D2927A5000051BE0B /* LoginViewModel.swift in Sources */ = {isa = PBXBuildFile; fileRef = 2417594C2927A5000051BE0B /* LoginViewModel.swift */; };
		241759502927A5290051BE0B /* SwiftKeychainWrapper in Frameworks */ = {isa = PBXBuildFile; productRef = 2417594F2927A5290051BE0B /* SwiftKeychainWrapper */; };
		241759522927A5420051BE0B /* UserLogin.swift in Sources */ = {isa = PBXBuildFile; fileRef = 241759512927A5420051BE0B /* UserLogin.swift */; };
		241759552927A5E70051BE0B /* DoctorView.swift in Sources */ = {isa = PBXBuildFile; fileRef = 241759542927A5E70051BE0B /* DoctorView.swift */; };
		241759572927A5F00051BE0B /* EmailView.swift in Sources */ = {isa = PBXBuildFile; fileRef = 241759562927A5F00051BE0B /* EmailView.swift */; };
		241759592927A5FA0051BE0B /* LoginView.swift in Sources */ = {isa = PBXBuildFile; fileRef = 241759582927A5FA0051BE0B /* LoginView.swift */; };
		2417595B2927A60C0051BE0B /* SignupView.swift in Sources */ = {isa = PBXBuildFile; fileRef = 2417595A2927A60C0051BE0B /* SignupView.swift */; };
		2417595D2927A6150051BE0B /* WelcomeView.swift in Sources */ = {isa = PBXBuildFile; fileRef = 2417595C2927A6150051BE0B /* WelcomeView.swift */; };
		2417595F2927D8F40051BE0B /* SignUpViewModel.swift in Sources */ = {isa = PBXBuildFile; fileRef = 2417595E2927D8F40051BE0B /* SignUpViewModel.swift */; };
		241759612927DC330051BE0B /* PathologiesViewModel.swift in Sources */ = {isa = PBXBuildFile; fileRef = 241759602927DC330051BE0B /* PathologiesViewModel.swift */; };
		241759632927DE220051BE0B /* Pathology.swift in Sources */ = {isa = PBXBuildFile; fileRef = 241759622927DE220051BE0B /* Pathology.swift */; };
		243A9C9B292B8C5600731E3D /* AlertToast in Frameworks */ = {isa = PBXBuildFile; productRef = 243A9C9A292B8C5600731E3D /* AlertToast */; };
		249FF521292A285C007C802F /* RepositoryAddable.swift in Sources */ = {isa = PBXBuildFile; fileRef = 249FF520292A285C007C802F /* RepositoryAddable.swift */; };
		249FF523292A2873007C802F /* PathologiesRepository.swift in Sources */ = {isa = PBXBuildFile; fileRef = 249FF522292A2873007C802F /* PathologiesRepository.swift */; };
		249FF525292A2A81007C802F /* RepositorySingleGettable.swift in Sources */ = {isa = PBXBuildFile; fileRef = 249FF524292A2A81007C802F /* RepositorySingleGettable.swift */; };
		249FF527292A2ABF007C802F /* RepositoryListGettable.swift in Sources */ = {isa = PBXBuildFile; fileRef = 249FF526292A2ABF007C802F /* RepositoryListGettable.swift */; };
		249FF529292A2AF0007C802F /* RepositoryEditable.swift in Sources */ = {isa = PBXBuildFile; fileRef = 249FF528292A2AF0007C802F /* RepositoryEditable.swift */; };
		249FF52B292A2B15007C802F /* RepositoryDeletable.swift in Sources */ = {isa = PBXBuildFile; fileRef = 249FF52A292A2B15007C802F /* RepositoryDeletable.swift */; };
		249FF52F292A4797007C802F /* UserService.swift in Sources */ = {isa = PBXBuildFile; fileRef = 249FF52E292A4797007C802F /* UserService.swift */; };
		249FF532292A7801007C802F /* Patient.swift in Sources */ = {isa = PBXBuildFile; fileRef = 249FF531292A7801007C802F /* Patient.swift */; };
		249FF534292A7877007C802F /* Genders.swift in Sources */ = {isa = PBXBuildFile; fileRef = 249FF533292A7877007C802F /* Genders.swift */; };
		249FF536292A79B0007C802F /* SettingsViewModel.swift in Sources */ = {isa = PBXBuildFile; fileRef = 249FF535292A79B0007C802F /* SettingsViewModel.swift */; };
		24C1CCFE2928F93C0089F9A0 /* API.swift in Sources */ = {isa = PBXBuildFile; fileRef = 24C1CCFD2928F93C0089F9A0 /* API.swift */; };
		24C1CD002928FA010089F9A0 /* APITypes.swift in Sources */ = {isa = PBXBuildFile; fileRef = 24C1CCFF2928FA010089F9A0 /* APITypes.swift */; };
		24C1CD022928FBAA0089F9A0 /* APIClient.swift in Sources */ = {isa = PBXBuildFile; fileRef = 24C1CD012928FBAA0089F9A0 /* APIClient.swift */; };
		852944D12925ABFA006FC0C5 /* AppInformation.json in Resources */ = {isa = PBXBuildFile; fileRef = 852944D02925ABFA006FC0C5 /* AppInformation.json */; };
		857A54F12922D34300413841 /* HealthubApp.swift in Sources */ = {isa = PBXBuildFile; fileRef = 857A54F02922D34300413841 /* HealthubApp.swift */; };
		857A54F52922D34400413841 /* Assets.xcassets in Resources */ = {isa = PBXBuildFile; fileRef = 857A54F42922D34400413841 /* Assets.xcassets */; };
		857A54F82922D34400413841 /* Preview Assets.xcassets in Resources */ = {isa = PBXBuildFile; fileRef = 857A54F72922D34400413841 /* Preview Assets.xcassets */; };
		857A55032922D3D200413841 /* MainView.swift in Sources */ = {isa = PBXBuildFile; fileRef = 857A55022922D3D200413841 /* MainView.swift */; };
		857A550A2922D6D800413841 /* ScheduleView.swift in Sources */ = {isa = PBXBuildFile; fileRef = 857A55092922D6D800413841 /* ScheduleView.swift */; };
		857A550C2922D70000413841 /* TherapiesView.swift in Sources */ = {isa = PBXBuildFile; fileRef = 857A550B2922D70000413841 /* TherapiesView.swift */; };
		857A550E2922D72300413841 /* ContactsView.swift in Sources */ = {isa = PBXBuildFile; fileRef = 857A550D2922D72300413841 /* ContactsView.swift */; };
		857A55102922D75000413841 /* SettingsView.swift in Sources */ = {isa = PBXBuildFile; fileRef = 857A550F2922D75000413841 /* SettingsView.swift */; };
		857A55152922DC8500413841 /* OnBoardingView.swift in Sources */ = {isa = PBXBuildFile; fileRef = 857A55142922DC8500413841 /* OnBoardingView.swift */; };
		857A55192922DCBB00413841 /* FeatureView.swift in Sources */ = {isa = PBXBuildFile; fileRef = 857A55182922DCBB00413841 /* FeatureView.swift */; };
		857A551B2922DDDA00413841 /* OnBoarding.json in Resources */ = {isa = PBXBuildFile; fileRef = 857A551A2922DDDA00413841 /* OnBoarding.json */; };
		857A551D2923120800413841 /* AppInformationView.swift in Sources */ = {isa = PBXBuildFile; fileRef = 857A551C2923120800413841 /* AppInformationView.swift */; };
		857A551F2923130A00413841 /* PathologiesView.swift in Sources */ = {isa = PBXBuildFile; fileRef = 857A551E2923130A00413841 /* PathologiesView.swift */; };
		85BCA8682927907D00A6C856 /* BookingView.swift in Sources */ = {isa = PBXBuildFile; fileRef = 85BCA8672927907D00A6C856 /* BookingView.swift */; };
/* End PBXBuildFile section */

/* Begin PBXFileReference section */
		2417594C2927A5000051BE0B /* LoginViewModel.swift */ = {isa = PBXFileReference; lastKnownFileType = sourcecode.swift; path = LoginViewModel.swift; sourceTree = "<group>"; };
		241759512927A5420051BE0B /* UserLogin.swift */ = {isa = PBXFileReference; lastKnownFileType = sourcecode.swift; name = UserLogin.swift; path = Healthub/Model/UserLogin.swift; sourceTree = SOURCE_ROOT; };
		241759542927A5E70051BE0B /* DoctorView.swift */ = {isa = PBXFileReference; lastKnownFileType = sourcecode.swift; path = DoctorView.swift; sourceTree = "<group>"; };
		241759562927A5F00051BE0B /* EmailView.swift */ = {isa = PBXFileReference; lastKnownFileType = sourcecode.swift; path = EmailView.swift; sourceTree = "<group>"; };
		241759582927A5FA0051BE0B /* LoginView.swift */ = {isa = PBXFileReference; lastKnownFileType = sourcecode.swift; path = LoginView.swift; sourceTree = "<group>"; };
		2417595A2927A60C0051BE0B /* SignupView.swift */ = {isa = PBXFileReference; lastKnownFileType = sourcecode.swift; path = SignupView.swift; sourceTree = "<group>"; };
		2417595C2927A6150051BE0B /* WelcomeView.swift */ = {isa = PBXFileReference; lastKnownFileType = sourcecode.swift; path = WelcomeView.swift; sourceTree = "<group>"; };
		2417595E2927D8F40051BE0B /* SignUpViewModel.swift */ = {isa = PBXFileReference; lastKnownFileType = sourcecode.swift; path = SignUpViewModel.swift; sourceTree = "<group>"; };
		241759602927DC330051BE0B /* PathologiesViewModel.swift */ = {isa = PBXFileReference; lastKnownFileType = sourcecode.swift; path = PathologiesViewModel.swift; sourceTree = "<group>"; };
		241759622927DE220051BE0B /* Pathology.swift */ = {isa = PBXFileReference; lastKnownFileType = sourcecode.swift; name = Pathology.swift; path = Healthub/Model/Pathology.swift; sourceTree = SOURCE_ROOT; };
		249FF520292A285C007C802F /* RepositoryAddable.swift */ = {isa = PBXFileReference; lastKnownFileType = sourcecode.swift; path = RepositoryAddable.swift; sourceTree = "<group>"; };
		249FF522292A2873007C802F /* PathologiesRepository.swift */ = {isa = PBXFileReference; lastKnownFileType = sourcecode.swift; path = PathologiesRepository.swift; sourceTree = "<group>"; };
		249FF524292A2A81007C802F /* RepositorySingleGettable.swift */ = {isa = PBXFileReference; lastKnownFileType = sourcecode.swift; path = RepositorySingleGettable.swift; sourceTree = "<group>"; };
		249FF526292A2ABF007C802F /* RepositoryListGettable.swift */ = {isa = PBXFileReference; lastKnownFileType = sourcecode.swift; path = RepositoryListGettable.swift; sourceTree = "<group>"; };
		249FF528292A2AF0007C802F /* RepositoryEditable.swift */ = {isa = PBXFileReference; lastKnownFileType = sourcecode.swift; path = RepositoryEditable.swift; sourceTree = "<group>"; };
		249FF52A292A2B15007C802F /* RepositoryDeletable.swift */ = {isa = PBXFileReference; lastKnownFileType = sourcecode.swift; path = RepositoryDeletable.swift; sourceTree = "<group>"; };
		249FF52E292A4797007C802F /* UserService.swift */ = {isa = PBXFileReference; lastKnownFileType = sourcecode.swift; path = UserService.swift; sourceTree = "<group>"; };
		249FF531292A7801007C802F /* Patient.swift */ = {isa = PBXFileReference; lastKnownFileType = sourcecode.swift; path = Patient.swift; sourceTree = "<group>"; };
		249FF533292A7877007C802F /* Genders.swift */ = {isa = PBXFileReference; lastKnownFileType = sourcecode.swift; path = Genders.swift; sourceTree = "<group>"; };
		249FF535292A79B0007C802F /* SettingsViewModel.swift */ = {isa = PBXFileReference; lastKnownFileType = sourcecode.swift; path = SettingsViewModel.swift; sourceTree = "<group>"; };
		24C1CCFD2928F93C0089F9A0 /* API.swift */ = {isa = PBXFileReference; lastKnownFileType = sourcecode.swift; path = API.swift; sourceTree = "<group>"; };
		24C1CCFF2928FA010089F9A0 /* APITypes.swift */ = {isa = PBXFileReference; lastKnownFileType = sourcecode.swift; path = APITypes.swift; sourceTree = "<group>"; };
		24C1CD012928FBAA0089F9A0 /* APIClient.swift */ = {isa = PBXFileReference; lastKnownFileType = sourcecode.swift; path = APIClient.swift; sourceTree = "<group>"; };
		852944D02925ABFA006FC0C5 /* AppInformation.json */ = {isa = PBXFileReference; fileEncoding = 4; lastKnownFileType = text.json; path = AppInformation.json; sourceTree = "<group>"; };
		857A54ED2922D34300413841 /* Healthub.app */ = {isa = PBXFileReference; explicitFileType = wrapper.application; includeInIndex = 0; path = Healthub.app; sourceTree = BUILT_PRODUCTS_DIR; };
		857A54F02922D34300413841 /* HealthubApp.swift */ = {isa = PBXFileReference; lastKnownFileType = sourcecode.swift; path = HealthubApp.swift; sourceTree = "<group>"; };
		857A54F42922D34400413841 /* Assets.xcassets */ = {isa = PBXFileReference; lastKnownFileType = folder.assetcatalog; path = Assets.xcassets; sourceTree = "<group>"; };
		857A54F72922D34400413841 /* Preview Assets.xcassets */ = {isa = PBXFileReference; lastKnownFileType = folder.assetcatalog; path = "Preview Assets.xcassets"; sourceTree = "<group>"; };
		857A55022922D3D200413841 /* MainView.swift */ = {isa = PBXFileReference; lastKnownFileType = sourcecode.swift; path = MainView.swift; sourceTree = "<group>"; };
		857A55092922D6D800413841 /* ScheduleView.swift */ = {isa = PBXFileReference; lastKnownFileType = sourcecode.swift; path = ScheduleView.swift; sourceTree = "<group>"; };
		857A550B2922D70000413841 /* TherapiesView.swift */ = {isa = PBXFileReference; lastKnownFileType = sourcecode.swift; path = TherapiesView.swift; sourceTree = "<group>"; };
		857A550D2922D72300413841 /* ContactsView.swift */ = {isa = PBXFileReference; lastKnownFileType = sourcecode.swift; path = ContactsView.swift; sourceTree = "<group>"; };
		857A550F2922D75000413841 /* SettingsView.swift */ = {isa = PBXFileReference; lastKnownFileType = sourcecode.swift; path = SettingsView.swift; sourceTree = "<group>"; };
		857A55142922DC8500413841 /* OnBoardingView.swift */ = {isa = PBXFileReference; lastKnownFileType = sourcecode.swift; path = OnBoardingView.swift; sourceTree = "<group>"; };
		857A55182922DCBB00413841 /* FeatureView.swift */ = {isa = PBXFileReference; lastKnownFileType = sourcecode.swift; path = FeatureView.swift; sourceTree = "<group>"; };
		857A551A2922DDDA00413841 /* OnBoarding.json */ = {isa = PBXFileReference; fileEncoding = 4; lastKnownFileType = text.json; path = OnBoarding.json; sourceTree = "<group>"; };
		857A551C2923120800413841 /* AppInformationView.swift */ = {isa = PBXFileReference; lastKnownFileType = sourcecode.swift; path = AppInformationView.swift; sourceTree = "<group>"; };
		857A551E2923130A00413841 /* PathologiesView.swift */ = {isa = PBXFileReference; lastKnownFileType = sourcecode.swift; path = PathologiesView.swift; sourceTree = "<group>"; };
		85BCA8672927907D00A6C856 /* BookingView.swift */ = {isa = PBXFileReference; lastKnownFileType = sourcecode.swift; path = BookingView.swift; sourceTree = "<group>"; };
/* End PBXFileReference section */

/* Begin PBXFrameworksBuildPhase section */
		857A54EA2922D34300413841 /* Frameworks */ = {
			isa = PBXFrameworksBuildPhase;
			buildActionMask = 2147483647;
			files = (
				241759502927A5290051BE0B /* SwiftKeychainWrapper in Frameworks */,
				243A9C9B292B8C5600731E3D /* AlertToast in Frameworks */,
			);
			runOnlyForDeploymentPostprocessing = 0;
		};
/* End PBXFrameworksBuildPhase section */

/* Begin PBXGroup section */
		241759532927A5B20051BE0B /* Login */ = {
			isa = PBXGroup;
			children = (
				241759542927A5E70051BE0B /* DoctorView.swift */,
				241759562927A5F00051BE0B /* EmailView.swift */,
				241759582927A5FA0051BE0B /* LoginView.swift */,
				2417595A2927A60C0051BE0B /* SignupView.swift */,
				2417595C2927A6150051BE0B /* WelcomeView.swift */,
			);
			path = Login;
			sourceTree = "<group>";
		};
		249FF51F292A284B007C802F /* Repositories */ = {
			isa = PBXGroup;
			children = (
				249FF52C292A3F23007C802F /* RepositoriesProtocol */,
				249FF522292A2873007C802F /* PathologiesRepository.swift */,
			);
			path = Repositories;
			sourceTree = "<group>";
		};
		249FF52C292A3F23007C802F /* RepositoriesProtocol */ = {
			isa = PBXGroup;
			children = (
				249FF520292A285C007C802F /* RepositoryAddable.swift */,
				249FF528292A2AF0007C802F /* RepositoryEditable.swift */,
				249FF52A292A2B15007C802F /* RepositoryDeletable.swift */,
				249FF526292A2ABF007C802F /* RepositoryListGettable.swift */,
				249FF524292A2A81007C802F /* RepositorySingleGettable.swift */,
			);
			path = RepositoriesProtocol;
			sourceTree = "<group>";
		};
		249FF52D292A4787007C802F /* Services */ = {
			isa = PBXGroup;
			children = (
				249FF52E292A4797007C802F /* UserService.swift */,
			);
			path = Services;
			sourceTree = "<group>";
		};
		249FF530292A721F007C802F /* Model */ = {
			isa = PBXGroup;
			children = (
				241759512927A5420051BE0B /* UserLogin.swift */,
				241759622927DE220051BE0B /* Pathology.swift */,
				249FF531292A7801007C802F /* Patient.swift */,
				249FF533292A7877007C802F /* Genders.swift */,
			);
			path = Model;
			sourceTree = "<group>";
		};
		24C1CCFC2928F9190089F9A0 /* Remote */ = {
			isa = PBXGroup;
			children = (
				24C1CCFD2928F93C0089F9A0 /* API.swift */,
				24C1CCFF2928FA010089F9A0 /* APITypes.swift */,
				24C1CD012928FBAA0089F9A0 /* APIClient.swift */,
			);
			path = Remote;
			sourceTree = "<group>";
		};
		857A54E42922D34300413841 = {
			isa = PBXGroup;
			children = (
				857A54EF2922D34300413841 /* Healthub */,
				857A54EE2922D34300413841 /* Products */,
			);
			sourceTree = "<group>";
		};
		857A54EE2922D34300413841 /* Products */ = {
			isa = PBXGroup;
			children = (
				857A54ED2922D34300413841 /* Healthub.app */,
			);
			name = Products;
			sourceTree = "<group>";
		};
		857A54EF2922D34300413841 /* Healthub */ = {
			isa = PBXGroup;
			children = (
				249FF52D292A4787007C802F /* Services */,
				249FF51F292A284B007C802F /* Repositories */,
				24C1CCFC2928F9190089F9A0 /* Remote */,
				857A54F02922D34300413841 /* HealthubApp.swift */,
				857A54FE2922D38300413841 /* Resources */,
				249FF530292A721F007C802F /* Model */,
				857A55002922D39500413841 /* View */,
				857A55012922D3AA00413841 /* ViewModel */,
				857A54F42922D34400413841 /* Assets.xcassets */,
				857A54F62922D34400413841 /* Preview Content */,
			);
			path = Healthub;
			sourceTree = "<group>";
		};
		857A54F62922D34400413841 /* Preview Content */ = {
			isa = PBXGroup;
			children = (
				857A54F72922D34400413841 /* Preview Assets.xcassets */,
			);
			path = "Preview Content";
			sourceTree = "<group>";
		};
		857A54FE2922D38300413841 /* Resources */ = {
			isa = PBXGroup;
			children = (
				857A551A2922DDDA00413841 /* OnBoarding.json */,
				852944D02925ABFA006FC0C5 /* AppInformation.json */,
			);
			path = Resources;
			sourceTree = "<group>";
		};
		857A55002922D39500413841 /* View */ = {
			isa = PBXGroup;
			children = (
				241759532927A5B20051BE0B /* Login */,
				857A55022922D3D200413841 /* MainView.swift */,
				857A55132922DC7500413841 /* OnBoarding */,
				857A55042922D57200413841 /* App */,
			);
			path = View;
			sourceTree = "<group>";
		};
		857A55012922D3AA00413841 /* ViewModel */ = {
			isa = PBXGroup;
			children = (
				2417594C2927A5000051BE0B /* LoginViewModel.swift */,
				249FF535292A79B0007C802F /* SettingsViewModel.swift */,
				2417595E2927D8F40051BE0B /* SignUpViewModel.swift */,
				241759602927DC330051BE0B /* PathologiesViewModel.swift */,
			);
			path = ViewModel;
			sourceTree = "<group>";
		};
		857A55042922D57200413841 /* App */ = {
			isa = PBXGroup;
			children = (
				857A55052922D57D00413841 /* Schedule */,
				857A55062922D58A00413841 /* Therapies */,
				857A55082922D5A300413841 /* Contacts */,
				857A55072922D59D00413841 /* Settings */,
			);
			path = App;
			sourceTree = "<group>";
		};
		857A55052922D57D00413841 /* Schedule */ = {
			isa = PBXGroup;
			children = (
				857A55092922D6D800413841 /* ScheduleView.swift */,
				85BCA8672927907D00A6C856 /* BookingView.swift */,
			);
			path = Schedule;
			sourceTree = "<group>";
		};
		857A55062922D58A00413841 /* Therapies */ = {
			isa = PBXGroup;
			children = (
				857A550B2922D70000413841 /* TherapiesView.swift */,
			);
			path = Therapies;
			sourceTree = "<group>";
		};
		857A55072922D59D00413841 /* Settings */ = {
			isa = PBXGroup;
			children = (
				857A550F2922D75000413841 /* SettingsView.swift */,
				857A551C2923120800413841 /* AppInformationView.swift */,
				857A551E2923130A00413841 /* PathologiesView.swift */,
			);
			path = Settings;
			sourceTree = "<group>";
		};
		857A55082922D5A300413841 /* Contacts */ = {
			isa = PBXGroup;
			children = (
				857A550D2922D72300413841 /* ContactsView.swift */,
			);
			path = Contacts;
			sourceTree = "<group>";
		};
		857A55132922DC7500413841 /* OnBoarding */ = {
			isa = PBXGroup;
			children = (
				857A55142922DC8500413841 /* OnBoardingView.swift */,
				857A55182922DCBB00413841 /* FeatureView.swift */,
			);
			path = OnBoarding;
			sourceTree = "<group>";
		};
/* End PBXGroup section */

/* Begin PBXNativeTarget section */
		857A54EC2922D34300413841 /* Healthub */ = {
			isa = PBXNativeTarget;
			buildConfigurationList = 857A54FB2922D34400413841 /* Build configuration list for PBXNativeTarget "Healthub" */;
			buildPhases = (
				857A54E92922D34300413841 /* Sources */,
				857A54EA2922D34300413841 /* Frameworks */,
				857A54EB2922D34300413841 /* Resources */,
			);
			buildRules = (
			);
			dependencies = (
			);
			name = Healthub;
			packageProductDependencies = (
				2417594F2927A5290051BE0B /* SwiftKeychainWrapper */,
				243A9C9A292B8C5600731E3D /* AlertToast */,
			);
			productName = Healthub;
			productReference = 857A54ED2922D34300413841 /* Healthub.app */;
			productType = "com.apple.product-type.application";
		};
/* End PBXNativeTarget section */

/* Begin PBXProject section */
		857A54E52922D34300413841 /* Project object */ = {
			isa = PBXProject;
			attributes = {
				BuildIndependentTargetsInParallel = 1;
				LastSwiftUpdateCheck = 1410;
				LastUpgradeCheck = 1410;
				TargetAttributes = {
					857A54EC2922D34300413841 = {
						CreatedOnToolsVersion = 14.1;
					};
				};
			};
			buildConfigurationList = 857A54E82922D34300413841 /* Build configuration list for PBXProject "Healthub" */;
			compatibilityVersion = "Xcode 14.0";
			developmentRegion = en;
			hasScannedForEncodings = 0;
			knownRegions = (
				en,
				Base,
			);
			mainGroup = 857A54E42922D34300413841;
			packageReferences = (
				2417594E2927A5290051BE0B /* XCRemoteSwiftPackageReference "SwiftKeychainWrapper" */,
				243A9C99292B8C5600731E3D /* XCRemoteSwiftPackageReference "AlertToast" */,
			);
			productRefGroup = 857A54EE2922D34300413841 /* Products */;
			projectDirPath = "";
			projectRoot = "";
			targets = (
				857A54EC2922D34300413841 /* Healthub */,
			);
		};
/* End PBXProject section */

/* Begin PBXResourcesBuildPhase section */
		857A54EB2922D34300413841 /* Resources */ = {
			isa = PBXResourcesBuildPhase;
			buildActionMask = 2147483647;
			files = (
				857A54F82922D34400413841 /* Preview Assets.xcassets in Resources */,
				857A54F52922D34400413841 /* Assets.xcassets in Resources */,
				852944D12925ABFA006FC0C5 /* AppInformation.json in Resources */,
				857A551B2922DDDA00413841 /* OnBoarding.json in Resources */,
			);
			runOnlyForDeploymentPostprocessing = 0;
		};
/* End PBXResourcesBuildPhase section */

/* Begin PBXSourcesBuildPhase section */
		857A54E92922D34300413841 /* Sources */ = {
			isa = PBXSourcesBuildPhase;
			buildActionMask = 2147483647;
			files = (
				857A54F12922D34300413841 /* HealthubApp.swift in Sources */,
				249FF52B292A2B15007C802F /* RepositoryDeletable.swift in Sources */,
				857A551D2923120800413841 /* AppInformationView.swift in Sources */,
				857A551F2923130A00413841 /* PathologiesView.swift in Sources */,
				249FF534292A7877007C802F /* Genders.swift in Sources */,
				249FF532292A7801007C802F /* Patient.swift in Sources */,
				249FF521292A285C007C802F /* RepositoryAddable.swift in Sources */,
				24C1CD022928FBAA0089F9A0 /* APIClient.swift in Sources */,
				857A55032922D3D200413841 /* MainView.swift in Sources */,
				241759632927DE220051BE0B /* Pathology.swift in Sources */,
				857A55152922DC8500413841 /* OnBoardingView.swift in Sources */,
				2417595F2927D8F40051BE0B /* SignUpViewModel.swift in Sources */,
				2417595B2927A60C0051BE0B /* SignupView.swift in Sources */,
				24C1CD002928FA010089F9A0 /* APITypes.swift in Sources */,
				857A55192922DCBB00413841 /* FeatureView.swift in Sources */,
				249FF52F292A4797007C802F /* UserService.swift in Sources */,
				857A550C2922D70000413841 /* TherapiesView.swift in Sources */,
				241759522927A5420051BE0B /* UserLogin.swift in Sources */,
				857A55102922D75000413841 /* SettingsView.swift in Sources */,
				2417594D2927A5000051BE0B /* LoginViewModel.swift in Sources */,
				857A550E2922D72300413841 /* ContactsView.swift in Sources */,
				85BCA8682927907D00A6C856 /* BookingView.swift in Sources */,
				249FF523292A2873007C802F /* PathologiesRepository.swift in Sources */,
				249FF529292A2AF0007C802F /* RepositoryEditable.swift in Sources */,
				249FF525292A2A81007C802F /* RepositorySingleGettable.swift in Sources */,
				249FF536292A79B0007C802F /* SettingsViewModel.swift in Sources */,
				24C1CCFE2928F93C0089F9A0 /* API.swift in Sources */,
				2417595D2927A6150051BE0B /* WelcomeView.swift in Sources */,
				857A550A2922D6D800413841 /* ScheduleView.swift in Sources */,
				249FF527292A2ABF007C802F /* RepositoryListGettable.swift in Sources */,
				241759612927DC330051BE0B /* PathologiesViewModel.swift in Sources */,
				241759552927A5E70051BE0B /* DoctorView.swift in Sources */,
				241759592927A5FA0051BE0B /* LoginView.swift in Sources */,
				241759572927A5F00051BE0B /* EmailView.swift in Sources */,
			);
			runOnlyForDeploymentPostprocessing = 0;
		};
/* End PBXSourcesBuildPhase section */

/* Begin XCBuildConfiguration section */
		857A54F92922D34400413841 /* Debug */ = {
			isa = XCBuildConfiguration;
			buildSettings = {
				ALWAYS_SEARCH_USER_PATHS = NO;
				CLANG_ANALYZER_NONNULL = YES;
				CLANG_ANALYZER_NUMBER_OBJECT_CONVERSION = YES_AGGRESSIVE;
				CLANG_CXX_LANGUAGE_STANDARD = "gnu++20";
				CLANG_ENABLE_MODULES = YES;
				CLANG_ENABLE_OBJC_ARC = YES;
				CLANG_ENABLE_OBJC_WEAK = YES;
				CLANG_WARN_BLOCK_CAPTURE_AUTORELEASING = YES;
				CLANG_WARN_BOOL_CONVERSION = YES;
				CLANG_WARN_COMMA = YES;
				CLANG_WARN_CONSTANT_CONVERSION = YES;
				CLANG_WARN_DEPRECATED_OBJC_IMPLEMENTATIONS = YES;
				CLANG_WARN_DIRECT_OBJC_ISA_USAGE = YES_ERROR;
				CLANG_WARN_DOCUMENTATION_COMMENTS = YES;
				CLANG_WARN_EMPTY_BODY = YES;
				CLANG_WARN_ENUM_CONVERSION = YES;
				CLANG_WARN_INFINITE_RECURSION = YES;
				CLANG_WARN_INT_CONVERSION = YES;
				CLANG_WARN_NON_LITERAL_NULL_CONVERSION = YES;
				CLANG_WARN_OBJC_IMPLICIT_RETAIN_SELF = YES;
				CLANG_WARN_OBJC_LITERAL_CONVERSION = YES;
				CLANG_WARN_OBJC_ROOT_CLASS = YES_ERROR;
				CLANG_WARN_QUOTED_INCLUDE_IN_FRAMEWORK_HEADER = YES;
				CLANG_WARN_RANGE_LOOP_ANALYSIS = YES;
				CLANG_WARN_STRICT_PROTOTYPES = YES;
				CLANG_WARN_SUSPICIOUS_MOVE = YES;
				CLANG_WARN_UNGUARDED_AVAILABILITY = YES_AGGRESSIVE;
				CLANG_WARN_UNREACHABLE_CODE = YES;
				CLANG_WARN__DUPLICATE_METHOD_MATCH = YES;
				COPY_PHASE_STRIP = NO;
				DEBUG_INFORMATION_FORMAT = dwarf;
				ENABLE_STRICT_OBJC_MSGSEND = YES;
				ENABLE_TESTABILITY = YES;
				GCC_C_LANGUAGE_STANDARD = gnu11;
				GCC_DYNAMIC_NO_PIC = NO;
				GCC_NO_COMMON_BLOCKS = YES;
				GCC_OPTIMIZATION_LEVEL = 0;
				GCC_PREPROCESSOR_DEFINITIONS = (
					"DEBUG=1",
					"$(inherited)",
				);
				GCC_WARN_64_TO_32_BIT_CONVERSION = YES;
				GCC_WARN_ABOUT_RETURN_TYPE = YES_ERROR;
				GCC_WARN_UNDECLARED_SELECTOR = YES;
				GCC_WARN_UNINITIALIZED_AUTOS = YES_AGGRESSIVE;
				GCC_WARN_UNUSED_FUNCTION = YES;
				GCC_WARN_UNUSED_VARIABLE = YES;
				IPHONEOS_DEPLOYMENT_TARGET = 16.0;
				MTL_ENABLE_DEBUG_INFO = INCLUDE_SOURCE;
				MTL_FAST_MATH = YES;
				ONLY_ACTIVE_ARCH = YES;
				SDKROOT = iphoneos;
				SWIFT_ACTIVE_COMPILATION_CONDITIONS = DEBUG;
				SWIFT_OPTIMIZATION_LEVEL = "-Onone";
			};
			name = Debug;
		};
		857A54FA2922D34400413841 /* Release */ = {
			isa = XCBuildConfiguration;
			buildSettings = {
				ALWAYS_SEARCH_USER_PATHS = NO;
				CLANG_ANALYZER_NONNULL = YES;
				CLANG_ANALYZER_NUMBER_OBJECT_CONVERSION = YES_AGGRESSIVE;
				CLANG_CXX_LANGUAGE_STANDARD = "gnu++20";
				CLANG_ENABLE_MODULES = YES;
				CLANG_ENABLE_OBJC_ARC = YES;
				CLANG_ENABLE_OBJC_WEAK = YES;
				CLANG_WARN_BLOCK_CAPTURE_AUTORELEASING = YES;
				CLANG_WARN_BOOL_CONVERSION = YES;
				CLANG_WARN_COMMA = YES;
				CLANG_WARN_CONSTANT_CONVERSION = YES;
				CLANG_WARN_DEPRECATED_OBJC_IMPLEMENTATIONS = YES;
				CLANG_WARN_DIRECT_OBJC_ISA_USAGE = YES_ERROR;
				CLANG_WARN_DOCUMENTATION_COMMENTS = YES;
				CLANG_WARN_EMPTY_BODY = YES;
				CLANG_WARN_ENUM_CONVERSION = YES;
				CLANG_WARN_INFINITE_RECURSION = YES;
				CLANG_WARN_INT_CONVERSION = YES;
				CLANG_WARN_NON_LITERAL_NULL_CONVERSION = YES;
				CLANG_WARN_OBJC_IMPLICIT_RETAIN_SELF = YES;
				CLANG_WARN_OBJC_LITERAL_CONVERSION = YES;
				CLANG_WARN_OBJC_ROOT_CLASS = YES_ERROR;
				CLANG_WARN_QUOTED_INCLUDE_IN_FRAMEWORK_HEADER = YES;
				CLANG_WARN_RANGE_LOOP_ANALYSIS = YES;
				CLANG_WARN_STRICT_PROTOTYPES = YES;
				CLANG_WARN_SUSPICIOUS_MOVE = YES;
				CLANG_WARN_UNGUARDED_AVAILABILITY = YES_AGGRESSIVE;
				CLANG_WARN_UNREACHABLE_CODE = YES;
				CLANG_WARN__DUPLICATE_METHOD_MATCH = YES;
				COPY_PHASE_STRIP = NO;
				DEBUG_INFORMATION_FORMAT = "dwarf-with-dsym";
				ENABLE_NS_ASSERTIONS = NO;
				ENABLE_STRICT_OBJC_MSGSEND = YES;
				GCC_C_LANGUAGE_STANDARD = gnu11;
				GCC_NO_COMMON_BLOCKS = YES;
				GCC_WARN_64_TO_32_BIT_CONVERSION = YES;
				GCC_WARN_ABOUT_RETURN_TYPE = YES_ERROR;
				GCC_WARN_UNDECLARED_SELECTOR = YES;
				GCC_WARN_UNINITIALIZED_AUTOS = YES_AGGRESSIVE;
				GCC_WARN_UNUSED_FUNCTION = YES;
				GCC_WARN_UNUSED_VARIABLE = YES;
				IPHONEOS_DEPLOYMENT_TARGET = 16.0;
				MTL_ENABLE_DEBUG_INFO = NO;
				MTL_FAST_MATH = YES;
				SDKROOT = iphoneos;
				SWIFT_COMPILATION_MODE = wholemodule;
				SWIFT_OPTIMIZATION_LEVEL = "-O";
				VALIDATE_PRODUCT = YES;
			};
			name = Release;
		};
		857A54FC2922D34400413841 /* Debug */ = {
			isa = XCBuildConfiguration;
			buildSettings = {
				ASSETCATALOG_COMPILER_APPICON_NAME = HealthubIcon;
				ASSETCATALOG_COMPILER_GLOBAL_ACCENT_COLOR_NAME = AccentColor;
				CODE_SIGN_STYLE = Automatic;
				CURRENT_PROJECT_VERSION = 1;
				DEVELOPMENT_ASSET_PATHS = "\"Healthub/Preview Content\"";
				DEVELOPMENT_TEAM = XH89Z8J7P5;
				ENABLE_PREVIEWS = YES;
				GENERATE_INFOPLIST_FILE = YES;
				INFOPLIST_KEY_CFBundleDisplayName = Healthub;
				INFOPLIST_KEY_LSApplicationCategoryType = "public.app-category.medical";
				INFOPLIST_KEY_UIApplicationSceneManifest_Generation = YES;
				INFOPLIST_KEY_UIApplicationSupportsIndirectInputEvents = YES;
				INFOPLIST_KEY_UILaunchScreen_Generation = YES;
				INFOPLIST_KEY_UISupportedInterfaceOrientations = UIInterfaceOrientationPortrait;
				INFOPLIST_KEY_UISupportedInterfaceOrientations_iPad = "UIInterfaceOrientationLandscapeLeft UIInterfaceOrientationLandscapeRight UIInterfaceOrientationPortrait UIInterfaceOrientationPortraitUpsideDown";
				IPHONEOS_DEPLOYMENT_TARGET = 16.0;
				LD_RUNPATH_SEARCH_PATHS = (
					"$(inherited)",
					"@executable_path/Frameworks",
				);
				MARKETING_VERSION = 1.0;
				PRODUCT_BUNDLE_IDENTIFIER = com.sakura.Healthub;
				PRODUCT_NAME = "$(TARGET_NAME)";
				SUPPORTED_PLATFORMS = "iphoneos iphonesimulator";
				SUPPORTS_MACCATALYST = NO;
				SUPPORTS_MAC_DESIGNED_FOR_IPHONE_IPAD = YES;
				SWIFT_EMIT_LOC_STRINGS = YES;
				SWIFT_VERSION = 5.0;
				TARGETED_DEVICE_FAMILY = 1;
			};
			name = Debug;
		};
		857A54FD2922D34400413841 /* Release */ = {
			isa = XCBuildConfiguration;
			buildSettings = {
				ASSETCATALOG_COMPILER_APPICON_NAME = HealthubIcon;
				ASSETCATALOG_COMPILER_GLOBAL_ACCENT_COLOR_NAME = AccentColor;
				CODE_SIGN_STYLE = Automatic;
				CURRENT_PROJECT_VERSION = 1;
				DEVELOPMENT_ASSET_PATHS = "\"Healthub/Preview Content\"";
				DEVELOPMENT_TEAM = XH89Z8J7P5;
				ENABLE_PREVIEWS = YES;
				GENERATE_INFOPLIST_FILE = YES;
				INFOPLIST_KEY_CFBundleDisplayName = Healthub;
				INFOPLIST_KEY_LSApplicationCategoryType = "public.app-category.medical";
				INFOPLIST_KEY_UIApplicationSceneManifest_Generation = YES;
				INFOPLIST_KEY_UIApplicationSupportsIndirectInputEvents = YES;
				INFOPLIST_KEY_UILaunchScreen_Generation = YES;
				INFOPLIST_KEY_UISupportedInterfaceOrientations = UIInterfaceOrientationPortrait;
				INFOPLIST_KEY_UISupportedInterfaceOrientations_iPad = "UIInterfaceOrientationLandscapeLeft UIInterfaceOrientationLandscapeRight UIInterfaceOrientationPortrait UIInterfaceOrientationPortraitUpsideDown";
				IPHONEOS_DEPLOYMENT_TARGET = 16.0;
				LD_RUNPATH_SEARCH_PATHS = (
					"$(inherited)",
					"@executable_path/Frameworks",
				);
				MARKETING_VERSION = 1.0;
				PRODUCT_BUNDLE_IDENTIFIER = com.sakura.Healthub;
				PRODUCT_NAME = "$(TARGET_NAME)";
				SUPPORTED_PLATFORMS = "iphoneos iphonesimulator";
				SUPPORTS_MACCATALYST = NO;
				SUPPORTS_MAC_DESIGNED_FOR_IPHONE_IPAD = YES;
				SWIFT_EMIT_LOC_STRINGS = YES;
				SWIFT_VERSION = 5.0;
				TARGETED_DEVICE_FAMILY = 1;
			};
			name = Release;
		};
/* End XCBuildConfiguration section */

/* Begin XCConfigurationList section */
		857A54E82922D34300413841 /* Build configuration list for PBXProject "Healthub" */ = {
			isa = XCConfigurationList;
			buildConfigurations = (
				857A54F92922D34400413841 /* Debug */,
				857A54FA2922D34400413841 /* Release */,
			);
			defaultConfigurationIsVisible = 0;
			defaultConfigurationName = Release;
		};
		857A54FB2922D34400413841 /* Build configuration list for PBXNativeTarget "Healthub" */ = {
			isa = XCConfigurationList;
			buildConfigurations = (
				857A54FC2922D34400413841 /* Debug */,
				857A54FD2922D34400413841 /* Release */,
			);
			defaultConfigurationIsVisible = 0;
			defaultConfigurationName = Release;
		};
/* End XCConfigurationList section */

/* Begin XCRemoteSwiftPackageReference section */
		2417594E2927A5290051BE0B /* XCRemoteSwiftPackageReference "SwiftKeychainWrapper" */ = {
			isa = XCRemoteSwiftPackageReference;
			repositoryURL = "https://github.com/jrendel/SwiftKeychainWrapper";
			requirement = {
				kind = upToNextMajorVersion;
				minimumVersion = 4.0.0;
			};
		};
		243A9C99292B8C5600731E3D /* XCRemoteSwiftPackageReference "AlertToast" */ = {
			isa = XCRemoteSwiftPackageReference;
			repositoryURL = "https://github.com/elai950/AlertToast";
			requirement = {
				kind = upToNextMajorVersion;
				minimumVersion = 1.0.0;
			};
		};
/* End XCRemoteSwiftPackageReference section */

/* Begin XCSwiftPackageProductDependency section */
		2417594F2927A5290051BE0B /* SwiftKeychainWrapper */ = {
			isa = XCSwiftPackageProductDependency;
			package = 2417594E2927A5290051BE0B /* XCRemoteSwiftPackageReference "SwiftKeychainWrapper" */;
			productName = SwiftKeychainWrapper;
		};
		243A9C9A292B8C5600731E3D /* AlertToast */ = {
			isa = XCSwiftPackageProductDependency;
			package = 243A9C99292B8C5600731E3D /* XCRemoteSwiftPackageReference "AlertToast" */;
			productName = AlertToast;
		};
/* End XCSwiftPackageProductDependency section */
	};
	rootObject = 857A54E52922D34300413841 /* Project object */;
}
