// !$*UTF8*$!
{
	archiveVersion = 1;
	classes = {
	};
	objectVersion = 56;
	objects = {

/* Begin PBXBuildFile section */
		240366F82962E16B003E0F1E /* TherapyViewModel.swift in Sources */ = {isa = PBXBuildFile; fileRef = 2441662E294764D400035824 /* TherapyViewModel.swift */; };
		240366F92962E184003E0F1E /* TherapyRepositoryProtocol.swift in Sources */ = {isa = PBXBuildFile; fileRef = 2441663229476E6D00035824 /* TherapyRepositoryProtocol.swift */; };
		240366FA2962E18D003E0F1E /* TherapyRepository.swift in Sources */ = {isa = PBXBuildFile; fileRef = 2441663029476E6200035824 /* TherapyRepository.swift */; };
		240366FB2963356B003E0F1E /* ProfileViewModel.swift in Sources */ = {isa = PBXBuildFile; fileRef = 249FF535292A79B0007C802F /* ProfileViewModel.swift */; };
		240366FC29633573003E0F1E /* UserRepositoryProtocol.swift in Sources */ = {isa = PBXBuildFile; fileRef = 2480CD632934CA08004701F6 /* UserRepositoryProtocol.swift */; };
		240366FD296335A7003E0F1E /* UserRepository.swift in Sources */ = {isa = PBXBuildFile; fileRef = 249FF52E292A4797007C802F /* UserRepository.swift */; };
		240C31E4296AC9B30064E8CB /* ContactRepositoryProtocol.swift in Sources */ = {isa = PBXBuildFile; fileRef = 2441663829479D1D00035824 /* ContactRepositoryProtocol.swift */; };
		240C31E5296AC9B80064E8CB /* ContactRepository.swift in Sources */ = {isa = PBXBuildFile; fileRef = 2441663A29479D9700035824 /* ContactRepository.swift */; };
		240C31E6296AC9BD0064E8CB /* ContactViewModel.swift in Sources */ = {isa = PBXBuildFile; fileRef = 2441663C29479DF200035824 /* ContactViewModel.swift */; };
		240C31E7296ACA6C0064E8CB /* Contact.swift in Sources */ = {isa = PBXBuildFile; fileRef = 243C20CC2966E0E3005A7D80 /* Contact.swift */; };
		240C3210296B162C0064E8CB /* MockDBHelper.swift in Sources */ = {isa = PBXBuildFile; fileRef = 240C320F296B162C0064E8CB /* MockDBHelper.swift */; };
		24141EE12959C45200A20EFF /* Healthub.app in Embed Watch Content */ = {isa = PBXBuildFile; fileRef = 8596F4FD295358F400E2410C /* Healthub.app */; settings = {ATTRIBUTES = (RemoveHeadersOnCopy, ); }; };
		2417594D2927A5000051BE0B /* LoginViewModel.swift in Sources */ = {isa = PBXBuildFile; fileRef = 2417594C2927A5000051BE0B /* LoginViewModel.swift */; };
		241759502927A5290051BE0B /* SwiftKeychainWrapper in Frameworks */ = {isa = PBXBuildFile; productRef = 2417594F2927A5290051BE0B /* SwiftKeychainWrapper */; };
		241759522927A5420051BE0B /* UserLogin.swift in Sources */ = {isa = PBXBuildFile; fileRef = 241759512927A5420051BE0B /* UserLogin.swift */; };
		241759592927A5FA0051BE0B /* Login.swift in Sources */ = {isa = PBXBuildFile; fileRef = 241759582927A5FA0051BE0B /* Login.swift */; };
		2417595B2927A60C0051BE0B /* Signup.swift in Sources */ = {isa = PBXBuildFile; fileRef = 2417595A2927A60C0051BE0B /* Signup.swift */; };
		2417595D2927A6150051BE0B /* Welcome.swift in Sources */ = {isa = PBXBuildFile; fileRef = 2417595C2927A6150051BE0B /* Welcome.swift */; };
		2417595F2927D8F40051BE0B /* SignUpViewModel.swift in Sources */ = {isa = PBXBuildFile; fileRef = 2417595E2927D8F40051BE0B /* SignUpViewModel.swift */; };
		241759612927DC330051BE0B /* PathologyViewModel.swift in Sources */ = {isa = PBXBuildFile; fileRef = 241759602927DC330051BE0B /* PathologyViewModel.swift */; };
		241759632927DE220051BE0B /* Pathology.swift in Sources */ = {isa = PBXBuildFile; fileRef = 241759622927DE220051BE0B /* Pathology.swift */; };
		242D9C73295DF08800A32FD3 /* CoreData.framework in Frameworks */ = {isa = PBXBuildFile; fileRef = 242D9C72295DF08800A32FD3 /* CoreData.framework */; };
		242D9C74295DF48100A32FD3 /* persistenceData.xcdatamodeld in Sources */ = {isa = PBXBuildFile; fileRef = 24889475295D89E5002215A7 /* persistenceData.xcdatamodeld */; };
		242D9C75295DF98300A32FD3 /* Gender.swift in Sources */ = {isa = PBXBuildFile; fileRef = 24D09CB9295067FF00E88DBC /* Gender.swift */; };
		242D9C76295DF98A00A32FD3 /* Patient.swift in Sources */ = {isa = PBXBuildFile; fileRef = 249FF531292A7801007C802F /* Patient.swift */; };
		2431A5392959A6CB001F9E64 /* WatchubApp.swift in Sources */ = {isa = PBXBuildFile; fileRef = 8596F4FF295358F400E2410C /* WatchubApp.swift */; };
		2431A53A2959A6CB001F9E64 /* MainView.swift in Sources */ = {isa = PBXBuildFile; fileRef = 8596F501295358F400E2410C /* MainView.swift */; };
		2431A53B2959A6CB001F9E64 /* Tickets.swift in Sources */ = {isa = PBXBuildFile; fileRef = 8596F51029535EBA00E2410C /* Tickets.swift */; };
		2431A53C2959A6CB001F9E64 /* TicketSheet.swift in Sources */ = {isa = PBXBuildFile; fileRef = 851B5FD82954445D00D59CBC /* TicketSheet.swift */; };
		2431A53D2959A6CB001F9E64 /* Therapies.swift in Sources */ = {isa = PBXBuildFile; fileRef = 8596F51629535FC400E2410C /* Therapies.swift */; };
		2431A53E2959A6CB001F9E64 /* TherapySheet.swift in Sources */ = {isa = PBXBuildFile; fileRef = 851B5FDA2954B01A00D59CBC /* TherapySheet.swift */; };
		2431A53F2959A6CB001F9E64 /* Doctors.swift in Sources */ = {isa = PBXBuildFile; fileRef = 8596F51329535F5000E2410C /* Doctors.swift */; };
		2431A5402959A6CB001F9E64 /* Profile.swift in Sources */ = {isa = PBXBuildFile; fileRef = 8596F50D29535A9500E2410C /* Profile.swift */; };
		2431A5422959A6E3001F9E64 /* ReservationRepositoryProtocol.swift in Sources */ = {isa = PBXBuildFile; fileRef = 2454E1D22938B11800AF0CE0 /* ReservationRepositoryProtocol.swift */; };
		2431A5432959A6E3001F9E64 /* ReservationRepository.swift in Sources */ = {isa = PBXBuildFile; fileRef = 2454E1D62938B15900AF0CE0 /* ReservationRepository.swift */; };
		2431A5442959A6E3001F9E64 /* Reservation.swift in Sources */ = {isa = PBXBuildFile; fileRef = 2454E1D42938B14500AF0CE0 /* Reservation.swift */; };
		2431A5452959A6E3001F9E64 /* TicketViewModel.swift in Sources */ = {isa = PBXBuildFile; fileRef = 2495CB8B293A0A1D00DD4535 /* TicketViewModel.swift */; };
		2431A5472959A797001F9E64 /* SwiftKeychainWrapper in Frameworks */ = {isa = PBXBuildFile; productRef = 2431A5462959A797001F9E64 /* SwiftKeychainWrapper */; };
		2431A5482959A95C001F9E64 /* ConnectionProvider.swift in Sources */ = {isa = PBXBuildFile; fileRef = 24DC3B0B2957646900EE7FBC /* ConnectionProvider.swift */; };
		2431A5492959A9B2001F9E64 /* ExaminationType.swift in Sources */ = {isa = PBXBuildFile; fileRef = 24D420E02938BC170090A42D /* ExaminationType.swift */; };
		2431A54A2959A9CA001F9E64 /* API.swift in Sources */ = {isa = PBXBuildFile; fileRef = 24C1CCFD2928F93C0089F9A0 /* API.swift */; };
		2431A54B2959A9CA001F9E64 /* APITypes.swift in Sources */ = {isa = PBXBuildFile; fileRef = 24C1CCFF2928FA010089F9A0 /* APITypes.swift */; };
		2431A54C2959A9CA001F9E64 /* ClientProtocol.swift in Sources */ = {isa = PBXBuildFile; fileRef = 24C54EDD29327E9C0021C783 /* ClientProtocol.swift */; };
		2431A54D2959A9CA001F9E64 /* APIClient.swift in Sources */ = {isa = PBXBuildFile; fileRef = 24C1CD012928FBAA0089F9A0 /* APIClient.swift */; };
		2431A54E2959AC84001F9E64 /* Drug.swift in Sources */ = {isa = PBXBuildFile; fileRef = 244166342947731B00035824 /* Drug.swift */; };
		2431A54F2959AC84001F9E64 /* Doctor.swift in Sources */ = {isa = PBXBuildFile; fileRef = 24D420DE2938BC090090A42D /* Doctor.swift */; };
		2431A5502959AC84001F9E64 /* Therapy.swift in Sources */ = {isa = PBXBuildFile; fileRef = 2441663629477E5000035824 /* Therapy.swift */; };
		2431A5532959AD96001F9E64 /* Examination.swift in Sources */ = {isa = PBXBuildFile; fileRef = 2431A5522959AD96001F9E64 /* Examination.swift */; };
		2431A5542959ADB5001F9E64 /* Examination.swift in Sources */ = {isa = PBXBuildFile; fileRef = 2431A5522959AD96001F9E64 /* Examination.swift */; };
		243A9C9B292B8C5600731E3D /* AlertToast in Frameworks */ = {isa = PBXBuildFile; productRef = 243A9C9A292B8C5600731E3D /* AlertToast */; };
		243C20CD2966E0E3005A7D80 /* Contact.swift in Sources */ = {isa = PBXBuildFile; fileRef = 243C20CC2966E0E3005A7D80 /* Contact.swift */; };
		2441662F294764D400035824 /* TherapyViewModel.swift in Sources */ = {isa = PBXBuildFile; fileRef = 2441662E294764D400035824 /* TherapyViewModel.swift */; };
		2441663129476E6200035824 /* TherapyRepository.swift in Sources */ = {isa = PBXBuildFile; fileRef = 2441663029476E6200035824 /* TherapyRepository.swift */; };
		2441663329476E6D00035824 /* TherapyRepositoryProtocol.swift in Sources */ = {isa = PBXBuildFile; fileRef = 2441663229476E6D00035824 /* TherapyRepositoryProtocol.swift */; };
		244166352947731B00035824 /* Drug.swift in Sources */ = {isa = PBXBuildFile; fileRef = 244166342947731B00035824 /* Drug.swift */; };
		2441663729477E5000035824 /* Therapy.swift in Sources */ = {isa = PBXBuildFile; fileRef = 2441663629477E5000035824 /* Therapy.swift */; };
		2441663929479D1D00035824 /* ContactRepositoryProtocol.swift in Sources */ = {isa = PBXBuildFile; fileRef = 2441663829479D1D00035824 /* ContactRepositoryProtocol.swift */; };
		2441663B29479D9700035824 /* ContactRepository.swift in Sources */ = {isa = PBXBuildFile; fileRef = 2441663A29479D9700035824 /* ContactRepository.swift */; };
		2441663D29479DF200035824 /* ContactViewModel.swift in Sources */ = {isa = PBXBuildFile; fileRef = 2441663C29479DF200035824 /* ContactViewModel.swift */; };
		2454E1D32938B11800AF0CE0 /* ReservationRepositoryProtocol.swift in Sources */ = {isa = PBXBuildFile; fileRef = 2454E1D22938B11800AF0CE0 /* ReservationRepositoryProtocol.swift */; };
		2454E1D52938B14500AF0CE0 /* Reservation.swift in Sources */ = {isa = PBXBuildFile; fileRef = 2454E1D42938B14500AF0CE0 /* Reservation.swift */; };
		2454E1D72938B15900AF0CE0 /* ReservationRepository.swift in Sources */ = {isa = PBXBuildFile; fileRef = 2454E1D62938B15900AF0CE0 /* ReservationRepository.swift */; };
		2454E1D92938B17700AF0CE0 /* ReservationRepositoryTests.swift in Sources */ = {isa = PBXBuildFile; fileRef = 2454E1D82938B17700AF0CE0 /* ReservationRepositoryTests.swift */; };
		2454E1DB2938B19000AF0CE0 /* MockClientReservations.swift in Sources */ = {isa = PBXBuildFile; fileRef = 2454E1DA2938B19000AF0CE0 /* MockClientReservations.swift */; };
		246AC230293519D6004FAE20 /* UserRepositoryTests.swift in Sources */ = {isa = PBXBuildFile; fileRef = 246AC22F293519D6004FAE20 /* UserRepositoryTests.swift */; };
		246AC23329351B05004FAE20 /* MockClient.swift in Sources */ = {isa = PBXBuildFile; fileRef = 246AC23229351B05004FAE20 /* MockClient.swift */; };
		2480CD642934CA08004701F6 /* UserRepositoryProtocol.swift in Sources */ = {isa = PBXBuildFile; fileRef = 2480CD632934CA08004701F6 /* UserRepositoryProtocol.swift */; };
		24889471295D8923002215A7 /* CoreDataHelper.swift in Sources */ = {isa = PBXBuildFile; fileRef = 24889470295D8923002215A7 /* CoreDataHelper.swift */; };
		24889473295D8971002215A7 /* CoreData.framework in Frameworks */ = {isa = PBXBuildFile; fileRef = 24889472295D8971002215A7 /* CoreData.framework */; };
		24889474295D89B1002215A7 /* Pathology.swift in Sources */ = {isa = PBXBuildFile; fileRef = 241759622927DE220051BE0B /* Pathology.swift */; };
		24889477295D89E5002215A7 /* persistenceData.xcdatamodeld in Sources */ = {isa = PBXBuildFile; fileRef = 24889475295D89E5002215A7 /* persistenceData.xcdatamodeld */; };
		2488949D295D90CB002215A7 /* DBHelperProtocol.swift in Sources */ = {isa = PBXBuildFile; fileRef = 2488949C295D90CB002215A7 /* DBHelperProtocol.swift */; };
		248C68A0295C3F5800B90959 /* Address2Coordinates.swift in Sources */ = {isa = PBXBuildFile; fileRef = 24EDDCA3293A0DBA007CA69E /* Address2Coordinates.swift */; };
		2495CB88293A091600DD4535 /* MockUserRepository.swift in Sources */ = {isa = PBXBuildFile; fileRef = 2495CB87293A091600DD4535 /* MockUserRepository.swift */; };
		2495CB8A293A093400DD4535 /* LoginViewModelTests.swift in Sources */ = {isa = PBXBuildFile; fileRef = 2495CB89293A093400DD4535 /* LoginViewModelTests.swift */; };
		2495CB8C293A0A1D00DD4535 /* TicketViewModel.swift in Sources */ = {isa = PBXBuildFile; fileRef = 2495CB8B293A0A1D00DD4535 /* TicketViewModel.swift */; };
		249FF523292A2873007C802F /* PathologyRepository.swift in Sources */ = {isa = PBXBuildFile; fileRef = 249FF522292A2873007C802F /* PathologyRepository.swift */; };
		249FF52F292A4797007C802F /* UserRepository.swift in Sources */ = {isa = PBXBuildFile; fileRef = 249FF52E292A4797007C802F /* UserRepository.swift */; };
		249FF532292A7801007C802F /* Patient.swift in Sources */ = {isa = PBXBuildFile; fileRef = 249FF531292A7801007C802F /* Patient.swift */; };
		249FF536292A79B0007C802F /* ProfileViewModel.swift in Sources */ = {isa = PBXBuildFile; fileRef = 249FF535292A79B0007C802F /* ProfileViewModel.swift */; };
		24AA106E293A424C00CF374E /* Address2Coordinates.swift in Sources */ = {isa = PBXBuildFile; fileRef = 24EDDCA3293A0DBA007CA69E /* Address2Coordinates.swift */; };
		24AF4971296ECC2F002DFFA7 /* ContactRepositoryTests.swift in Sources */ = {isa = PBXBuildFile; fileRef = 24AF4970296ECC2F002DFFA7 /* ContactRepositoryTests.swift */; };
		24AF4973296EF308002DFFA7 /* TherapyRepositoryTests.swift in Sources */ = {isa = PBXBuildFile; fileRef = 24AF4972296EF308002DFFA7 /* TherapyRepositoryTests.swift */; };
		24AF4975296EF3A3002DFFA7 /* TherapyViewModelTests.swift in Sources */ = {isa = PBXBuildFile; fileRef = 24AF4974296EF3A3002DFFA7 /* TherapyViewModelTests.swift */; };
		24AF4977296EF415002DFFA7 /* PathologyViewModelTests.swift in Sources */ = {isa = PBXBuildFile; fileRef = 24AF4976296EF415002DFFA7 /* PathologyViewModelTests.swift */; };
		24AF4979296EF47A002DFFA7 /* ProfileViewModelTests.swift in Sources */ = {isa = PBXBuildFile; fileRef = 24AF4978296EF47A002DFFA7 /* ProfileViewModelTests.swift */; };
		24AF497B296EF4CF002DFFA7 /* TicketViewModelTests.swift in Sources */ = {isa = PBXBuildFile; fileRef = 24AF497A296EF4CF002DFFA7 /* TicketViewModelTests.swift */; };
		24AF497D296EF558002DFFA7 /* SignUpViewModelTests.swift in Sources */ = {isa = PBXBuildFile; fileRef = 24AF497C296EF558002DFFA7 /* SignUpViewModelTests.swift */; };
		24AF497F296EF58D002DFFA7 /* ContactViewModelTests.swift in Sources */ = {isa = PBXBuildFile; fileRef = 24AF497E296EF58D002DFFA7 /* ContactViewModelTests.swift */; };
		24AF4981296F0A25002DFFA7 /* MockClientTherapy.swift in Sources */ = {isa = PBXBuildFile; fileRef = 24AF4980296F0A25002DFFA7 /* MockClientTherapy.swift */; };
		24AF4983296F1BB9002DFFA7 /* MockTherapyRepository.swift in Sources */ = {isa = PBXBuildFile; fileRef = 24AF4982296F1BB8002DFFA7 /* MockTherapyRepository.swift */; };
		24AF4985296F1EDE002DFFA7 /* MockConnectivity.swift in Sources */ = {isa = PBXBuildFile; fileRef = 24AF4984296F1EDE002DFFA7 /* MockConnectivity.swift */; };
		24AF4987296F1F50002DFFA7 /* ConnectionProviderProtocol.swift in Sources */ = {isa = PBXBuildFile; fileRef = 24AF4986296F1F50002DFFA7 /* ConnectionProviderProtocol.swift */; };
		24AF4988296F216B002DFFA7 /* ConnectionProviderProtocol.swift in Sources */ = {isa = PBXBuildFile; fileRef = 24AF4986296F1F50002DFFA7 /* ConnectionProviderProtocol.swift */; };
		24B4216829352E3A0045489E /* PathologiesRepositoryTests.swift in Sources */ = {isa = PBXBuildFile; fileRef = 24B4216729352E3A0045489E /* PathologiesRepositoryTests.swift */; };
		24C1CCFE2928F93C0089F9A0 /* API.swift in Sources */ = {isa = PBXBuildFile; fileRef = 24C1CCFD2928F93C0089F9A0 /* API.swift */; };
		24C1CD002928FA010089F9A0 /* APITypes.swift in Sources */ = {isa = PBXBuildFile; fileRef = 24C1CCFF2928FA010089F9A0 /* APITypes.swift */; };
		24C1CD022928FBAA0089F9A0 /* APIClient.swift in Sources */ = {isa = PBXBuildFile; fileRef = 24C1CD012928FBAA0089F9A0 /* APIClient.swift */; };
		24C54EDC293279520021C783 /* PathologyRepositoryProtocol.swift in Sources */ = {isa = PBXBuildFile; fileRef = 24C54EDB293279520021C783 /* PathologyRepositoryProtocol.swift */; };
		24C54EDE29327E9C0021C783 /* ClientProtocol.swift in Sources */ = {isa = PBXBuildFile; fileRef = 24C54EDD29327E9C0021C783 /* ClientProtocol.swift */; };
		24D077A3295DA58D00190969 /* CoreDataHelper.swift in Sources */ = {isa = PBXBuildFile; fileRef = 24889470295D8923002215A7 /* CoreDataHelper.swift */; };
		24D077A4295DA59000190969 /* DBHelperProtocol.swift in Sources */ = {isa = PBXBuildFile; fileRef = 2488949C295D90CB002215A7 /* DBHelperProtocol.swift */; };
		24D09CBA295067FF00E88DBC /* Gender.swift in Sources */ = {isa = PBXBuildFile; fileRef = 24D09CB9295067FF00E88DBC /* Gender.swift */; };
		24D420DF2938BC090090A42D /* Doctor.swift in Sources */ = {isa = PBXBuildFile; fileRef = 24D420DE2938BC090090A42D /* Doctor.swift */; };
		24D420E12938BC170090A42D /* ExaminationType.swift in Sources */ = {isa = PBXBuildFile; fileRef = 24D420E02938BC170090A42D /* ExaminationType.swift */; };
		24D9F8842970110400F8340B /* MockPathologyRepository.swift in Sources */ = {isa = PBXBuildFile; fileRef = 24D9F8832970110400F8340B /* MockPathologyRepository.swift */; };
		24D9F8862970170100F8340B /* MockContactRepository.swift in Sources */ = {isa = PBXBuildFile; fileRef = 24D9F8852970170100F8340B /* MockContactRepository.swift */; };
		24D9F88829701B5B00F8340B /* MockReservationRepository.swift in Sources */ = {isa = PBXBuildFile; fileRef = 24D9F88729701B5B00F8340B /* MockReservationRepository.swift */; };
		24DC3B0C2957646900EE7FBC /* ConnectionProvider.swift in Sources */ = {isa = PBXBuildFile; fileRef = 24DC3B0B2957646900EE7FBC /* ConnectionProvider.swift */; };
		24DC3B0F2957649400EE7FBC /* WatchConnectivity.framework in Frameworks */ = {isa = PBXBuildFile; fileRef = 24DC3B0E2957649400EE7FBC /* WatchConnectivity.framework */; };
		24EDDCA4293A0DBA007CA69E /* Address2Coordinates.swift in Sources */ = {isa = PBXBuildFile; fileRef = 24EDDCA3293A0DBA007CA69E /* Address2Coordinates.swift */; };
		852944D12925ABFA006FC0C5 /* AppInformation.json in Resources */ = {isa = PBXBuildFile; fileRef = 852944D02925ABFA006FC0C5 /* AppInformation.json */; };
		852F1A292946218900B57B18 /* Prescription.swift in Sources */ = {isa = PBXBuildFile; fileRef = 852F1A282946218900B57B18 /* Prescription.swift */; };
		852F1A2C2946219400B57B18 /* DrugsDatabase.swift in Sources */ = {isa = PBXBuildFile; fileRef = 852F1A2B2946219400B57B18 /* DrugsDatabase.swift */; };
		852F1A302946241600B57B18 /* Styles.swift in Sources */ = {isa = PBXBuildFile; fileRef = 852F1A2F2946241600B57B18 /* Styles.swift */; };
		852F1A332946AFB400B57B18 /* Notes.swift in Sources */ = {isa = PBXBuildFile; fileRef = 852F1A322946AFB400B57B18 /* Notes.swift */; };
		852F1A342946AFB400B57B18 /* Notes.swift in Sources */ = {isa = PBXBuildFile; fileRef = 852F1A322946AFB400B57B18 /* Notes.swift */; };
		852F1A372946B09200B57B18 /* TextView in Frameworks */ = {isa = PBXBuildFile; productRef = 852F1A362946B09200B57B18 /* TextView */; };
		852F1A392947E17000B57B18 /* Objects.swift in Sources */ = {isa = PBXBuildFile; fileRef = 852F1A382947E17000B57B18 /* Objects.swift */; };
		8536F54E2968E9EF008CFBD0 /* SPAlert in Frameworks */ = {isa = PBXBuildFile; productRef = 8536F54D2968E9EF008CFBD0 /* SPAlert */; };
		8536F5512968F53D008CFBD0 /* SPIndicator in Frameworks */ = {isa = PBXBuildFile; productRef = 8536F5502968F53D008CFBD0 /* SPIndicator */; };
		8536F55329690379008CFBD0 /* LoginUITests.swift in Sources */ = {isa = PBXBuildFile; fileRef = 8536F55229690379008CFBD0 /* LoginUITests.swift */; };
		8536F55529690944008CFBD0 /* SignupUITests.swift in Sources */ = {isa = PBXBuildFile; fileRef = 8536F55429690944008CFBD0 /* SignupUITests.swift */; };
		8536F55729690A2D008CFBD0 /* RestoreUITest.swift in Sources */ = {isa = PBXBuildFile; fileRef = 8536F55629690A2D008CFBD0 /* RestoreUITest.swift */; };
		857282FF293EC4A700AF993E /* DoctorsDatabase.swift in Sources */ = {isa = PBXBuildFile; fileRef = 857282FE293EC4A700AF993E /* DoctorsDatabase.swift */; };
		857A54F12922D34300413841 /* HealthubApp.swift in Sources */ = {isa = PBXBuildFile; fileRef = 857A54F02922D34300413841 /* HealthubApp.swift */; };
		857A54F52922D34400413841 /* Assets.xcassets in Resources */ = {isa = PBXBuildFile; fileRef = 857A54F42922D34400413841 /* Assets.xcassets */; };
		857A54F82922D34400413841 /* Preview Assets.xcassets in Resources */ = {isa = PBXBuildFile; fileRef = 857A54F72922D34400413841 /* Preview Assets.xcassets */; };
		857A55032922D3D200413841 /* Main.swift in Sources */ = {isa = PBXBuildFile; fileRef = 857A55022922D3D200413841 /* Main.swift */; };
		857A550A2922D6D800413841 /* Tickets.swift in Sources */ = {isa = PBXBuildFile; fileRef = 857A55092922D6D800413841 /* Tickets.swift */; };
		857A550C2922D70000413841 /* Therapies.swift in Sources */ = {isa = PBXBuildFile; fileRef = 857A550B2922D70000413841 /* Therapies.swift */; };
		857A550E2922D72300413841 /* Doctors.swift in Sources */ = {isa = PBXBuildFile; fileRef = 857A550D2922D72300413841 /* Doctors.swift */; };
		857A55102922D75000413841 /* Profile.swift in Sources */ = {isa = PBXBuildFile; fileRef = 857A550F2922D75000413841 /* Profile.swift */; };
		857A55152922DC8500413841 /* OnBoarding.swift in Sources */ = {isa = PBXBuildFile; fileRef = 857A55142922DC8500413841 /* OnBoarding.swift */; };
		857A55192922DCBB00413841 /* Feature.swift in Sources */ = {isa = PBXBuildFile; fileRef = 857A55182922DCBB00413841 /* Feature.swift */; };
		857A551B2922DDDA00413841 /* OnBoarding.json in Resources */ = {isa = PBXBuildFile; fileRef = 857A551A2922DDDA00413841 /* OnBoarding.json */; };
		857A551D2923120800413841 /* Information.swift in Sources */ = {isa = PBXBuildFile; fileRef = 857A551C2923120800413841 /* Information.swift */; };
		857A551F2923130A00413841 /* Pathologies.swift in Sources */ = {isa = PBXBuildFile; fileRef = 857A551E2923130A00413841 /* Pathologies.swift */; };
		8596F504295358F500E2410C /* Assets.xcassets in Resources */ = {isa = PBXBuildFile; fileRef = 8596F503295358F500E2410C /* Assets.xcassets */; };
		8596F507295358F500E2410C /* Preview Assets.xcassets in Resources */ = {isa = PBXBuildFile; fileRef = 8596F506295358F500E2410C /* Preview Assets.xcassets */; };
		85BB5AAC2935FE160039618B /* TicketSheet.swift in Sources */ = {isa = PBXBuildFile; fileRef = 85BB5AAB2935FE160039618B /* TicketSheet.swift */; };
		85BB5ABA293802CE0039618B /* Booking.swift in Sources */ = {isa = PBXBuildFile; fileRef = 85BB5AB9293802CE0039618B /* Booking.swift */; };
		85BB5ABD293808380039618B /* Examinations.swift in Sources */ = {isa = PBXBuildFile; fileRef = 85BB5ABC293808380039618B /* Examinations.swift */; };
		85EE03FD295F9565000106BC /* TherapySheet.swift in Sources */ = {isa = PBXBuildFile; fileRef = 85EE03FC295F9565000106BC /* TherapySheet.swift */; };
		85F713502964925D00C6E77D /* Recover.swift in Sources */ = {isa = PBXBuildFile; fileRef = 85F7134F2964925D00C6E77D /* Recover.swift */; };
		85F713532965125700C6E77D /* Pathologies.swift in Sources */ = {isa = PBXBuildFile; fileRef = 85F713522965125700C6E77D /* Pathologies.swift */; };
/* End PBXBuildFile section */

/* Begin PBXContainerItemProxy section */
		246AC22A29351951004FAE20 /* PBXContainerItemProxy */ = {
			isa = PBXContainerItemProxy;
			containerPortal = 857A54E52922D34300413841 /* Project object */;
			proxyType = 1;
			remoteGlobalIDString = 857A54EC2922D34300413841;
			remoteInfo = Healthub;
		};
/* End PBXContainerItemProxy section */

/* Begin PBXCopyFilesBuildPhase section */
		24141EE42959C45200A20EFF /* Embed Watch Content */ = {
			isa = PBXCopyFilesBuildPhase;
			buildActionMask = 12;
			dstPath = "$(CONTENTS_FOLDER_PATH)/Watch";
			dstSubfolderSpec = 16;
			files = (
				24141EE12959C45200A20EFF /* Healthub.app in Embed Watch Content */,
			);
			name = "Embed Watch Content";
			runOnlyForDeploymentPostprocessing = 0;
		};
/* End PBXCopyFilesBuildPhase section */

/* Begin PBXFileReference section */
		240C320F296B162C0064E8CB /* MockDBHelper.swift */ = {isa = PBXFileReference; lastKnownFileType = sourcecode.swift; path = MockDBHelper.swift; sourceTree = "<group>"; };
		2417594C2927A5000051BE0B /* LoginViewModel.swift */ = {isa = PBXFileReference; lastKnownFileType = sourcecode.swift; path = LoginViewModel.swift; sourceTree = "<group>"; };
		241759512927A5420051BE0B /* UserLogin.swift */ = {isa = PBXFileReference; lastKnownFileType = sourcecode.swift; name = UserLogin.swift; path = Healthub/Model/UserLogin.swift; sourceTree = SOURCE_ROOT; };
		241759582927A5FA0051BE0B /* Login.swift */ = {isa = PBXFileReference; lastKnownFileType = sourcecode.swift; path = Login.swift; sourceTree = "<group>"; };
		2417595A2927A60C0051BE0B /* Signup.swift */ = {isa = PBXFileReference; lastKnownFileType = sourcecode.swift; path = Signup.swift; sourceTree = "<group>"; };
		2417595C2927A6150051BE0B /* Welcome.swift */ = {isa = PBXFileReference; lastKnownFileType = sourcecode.swift; path = Welcome.swift; sourceTree = "<group>"; };
		2417595E2927D8F40051BE0B /* SignUpViewModel.swift */ = {isa = PBXFileReference; lastKnownFileType = sourcecode.swift; path = SignUpViewModel.swift; sourceTree = "<group>"; };
		241759602927DC330051BE0B /* PathologyViewModel.swift */ = {isa = PBXFileReference; lastKnownFileType = sourcecode.swift; path = PathologyViewModel.swift; sourceTree = "<group>"; };
		241759622927DE220051BE0B /* Pathology.swift */ = {isa = PBXFileReference; lastKnownFileType = sourcecode.swift; name = Pathology.swift; path = Healthub/Model/Pathology.swift; sourceTree = SOURCE_ROOT; };
		242D9C72295DF08800A32FD3 /* CoreData.framework */ = {isa = PBXFileReference; lastKnownFileType = wrapper.framework; name = CoreData.framework; path = Platforms/WatchOS.platform/Developer/SDKs/WatchOS9.1.sdk/System/Library/Frameworks/CoreData.framework; sourceTree = DEVELOPER_DIR; };
		2431A5522959AD96001F9E64 /* Examination.swift */ = {isa = PBXFileReference; lastKnownFileType = sourcecode.swift; path = Examination.swift; sourceTree = "<group>"; };
		243C20CC2966E0E3005A7D80 /* Contact.swift */ = {isa = PBXFileReference; lastKnownFileType = sourcecode.swift; path = Contact.swift; sourceTree = "<group>"; };
		2441662E294764D400035824 /* TherapyViewModel.swift */ = {isa = PBXFileReference; lastKnownFileType = sourcecode.swift; path = TherapyViewModel.swift; sourceTree = "<group>"; };
		2441663029476E6200035824 /* TherapyRepository.swift */ = {isa = PBXFileReference; lastKnownFileType = sourcecode.swift; path = TherapyRepository.swift; sourceTree = "<group>"; };
		2441663229476E6D00035824 /* TherapyRepositoryProtocol.swift */ = {isa = PBXFileReference; lastKnownFileType = sourcecode.swift; path = TherapyRepositoryProtocol.swift; sourceTree = "<group>"; };
		244166342947731B00035824 /* Drug.swift */ = {isa = PBXFileReference; lastKnownFileType = sourcecode.swift; path = Drug.swift; sourceTree = "<group>"; };
		2441663629477E5000035824 /* Therapy.swift */ = {isa = PBXFileReference; lastKnownFileType = sourcecode.swift; path = Therapy.swift; sourceTree = "<group>"; };
		2441663829479D1D00035824 /* ContactRepositoryProtocol.swift */ = {isa = PBXFileReference; lastKnownFileType = sourcecode.swift; path = ContactRepositoryProtocol.swift; sourceTree = "<group>"; };
		2441663A29479D9700035824 /* ContactRepository.swift */ = {isa = PBXFileReference; lastKnownFileType = sourcecode.swift; path = ContactRepository.swift; sourceTree = "<group>"; };
		2441663C29479DF200035824 /* ContactViewModel.swift */ = {isa = PBXFileReference; lastKnownFileType = sourcecode.swift; path = ContactViewModel.swift; sourceTree = "<group>"; };
		2454E1D22938B11800AF0CE0 /* ReservationRepositoryProtocol.swift */ = {isa = PBXFileReference; lastKnownFileType = sourcecode.swift; path = ReservationRepositoryProtocol.swift; sourceTree = "<group>"; };
		2454E1D42938B14500AF0CE0 /* Reservation.swift */ = {isa = PBXFileReference; lastKnownFileType = sourcecode.swift; path = Reservation.swift; sourceTree = "<group>"; };
		2454E1D62938B15900AF0CE0 /* ReservationRepository.swift */ = {isa = PBXFileReference; lastKnownFileType = sourcecode.swift; path = ReservationRepository.swift; sourceTree = "<group>"; };
		2454E1D82938B17700AF0CE0 /* ReservationRepositoryTests.swift */ = {isa = PBXFileReference; lastKnownFileType = sourcecode.swift; path = ReservationRepositoryTests.swift; sourceTree = "<group>"; };
		2454E1DA2938B19000AF0CE0 /* MockClientReservations.swift */ = {isa = PBXFileReference; lastKnownFileType = sourcecode.swift; path = MockClientReservations.swift; sourceTree = "<group>"; };
		246AC22629351951004FAE20 /* HealthubTests.xctest */ = {isa = PBXFileReference; explicitFileType = wrapper.cfbundle; includeInIndex = 0; path = HealthubTests.xctest; sourceTree = BUILT_PRODUCTS_DIR; };
		246AC22F293519D6004FAE20 /* UserRepositoryTests.swift */ = {isa = PBXFileReference; lastKnownFileType = sourcecode.swift; path = UserRepositoryTests.swift; sourceTree = "<group>"; };
		246AC23229351B05004FAE20 /* MockClient.swift */ = {isa = PBXFileReference; lastKnownFileType = sourcecode.swift; path = MockClient.swift; sourceTree = "<group>"; };
		2480CD632934CA08004701F6 /* UserRepositoryProtocol.swift */ = {isa = PBXFileReference; lastKnownFileType = sourcecode.swift; path = UserRepositoryProtocol.swift; sourceTree = "<group>"; };
		24889470295D8923002215A7 /* CoreDataHelper.swift */ = {isa = PBXFileReference; lastKnownFileType = sourcecode.swift; path = CoreDataHelper.swift; sourceTree = "<group>"; };
		24889472295D8971002215A7 /* CoreData.framework */ = {isa = PBXFileReference; lastKnownFileType = wrapper.framework; name = CoreData.framework; path = System/Library/Frameworks/CoreData.framework; sourceTree = SDKROOT; };
		24889476295D89E5002215A7 /* Persistence.xcdatamodel */ = {isa = PBXFileReference; lastKnownFileType = wrapper.xcdatamodel; path = Persistence.xcdatamodel; sourceTree = "<group>"; };
		2488949C295D90CB002215A7 /* DBHelperProtocol.swift */ = {isa = PBXFileReference; lastKnownFileType = sourcecode.swift; path = DBHelperProtocol.swift; sourceTree = "<group>"; };
		2495CB87293A091600DD4535 /* MockUserRepository.swift */ = {isa = PBXFileReference; lastKnownFileType = sourcecode.swift; path = MockUserRepository.swift; sourceTree = "<group>"; };
		2495CB89293A093400DD4535 /* LoginViewModelTests.swift */ = {isa = PBXFileReference; lastKnownFileType = sourcecode.swift; path = LoginViewModelTests.swift; sourceTree = "<group>"; };
		2495CB8B293A0A1D00DD4535 /* TicketViewModel.swift */ = {isa = PBXFileReference; lastKnownFileType = sourcecode.swift; path = TicketViewModel.swift; sourceTree = "<group>"; };
		249FF522292A2873007C802F /* PathologyRepository.swift */ = {isa = PBXFileReference; lastKnownFileType = sourcecode.swift; path = PathologyRepository.swift; sourceTree = "<group>"; };
		249FF52E292A4797007C802F /* UserRepository.swift */ = {isa = PBXFileReference; lastKnownFileType = sourcecode.swift; path = UserRepository.swift; sourceTree = "<group>"; };
		249FF531292A7801007C802F /* Patient.swift */ = {isa = PBXFileReference; lastKnownFileType = sourcecode.swift; path = Patient.swift; sourceTree = "<group>"; };
		249FF535292A79B0007C802F /* ProfileViewModel.swift */ = {isa = PBXFileReference; lastKnownFileType = sourcecode.swift; path = ProfileViewModel.swift; sourceTree = "<group>"; };
		24AF4970296ECC2F002DFFA7 /* ContactRepositoryTests.swift */ = {isa = PBXFileReference; lastKnownFileType = sourcecode.swift; path = ContactRepositoryTests.swift; sourceTree = "<group>"; };
		24AF4972296EF308002DFFA7 /* TherapyRepositoryTests.swift */ = {isa = PBXFileReference; lastKnownFileType = sourcecode.swift; path = TherapyRepositoryTests.swift; sourceTree = "<group>"; };
		24AF4974296EF3A3002DFFA7 /* TherapyViewModelTests.swift */ = {isa = PBXFileReference; lastKnownFileType = sourcecode.swift; path = TherapyViewModelTests.swift; sourceTree = "<group>"; };
		24AF4976296EF415002DFFA7 /* PathologyViewModelTests.swift */ = {isa = PBXFileReference; lastKnownFileType = sourcecode.swift; path = PathologyViewModelTests.swift; sourceTree = "<group>"; };
		24AF4978296EF47A002DFFA7 /* ProfileViewModelTests.swift */ = {isa = PBXFileReference; lastKnownFileType = sourcecode.swift; path = ProfileViewModelTests.swift; sourceTree = "<group>"; };
		24AF497A296EF4CF002DFFA7 /* TicketViewModelTests.swift */ = {isa = PBXFileReference; lastKnownFileType = sourcecode.swift; path = TicketViewModelTests.swift; sourceTree = "<group>"; };
		24AF497C296EF558002DFFA7 /* SignUpViewModelTests.swift */ = {isa = PBXFileReference; lastKnownFileType = sourcecode.swift; path = SignUpViewModelTests.swift; sourceTree = "<group>"; };
		24AF497E296EF58D002DFFA7 /* ContactViewModelTests.swift */ = {isa = PBXFileReference; lastKnownFileType = sourcecode.swift; path = ContactViewModelTests.swift; sourceTree = "<group>"; };
		24AF4980296F0A25002DFFA7 /* MockClientTherapy.swift */ = {isa = PBXFileReference; lastKnownFileType = sourcecode.swift; path = MockClientTherapy.swift; sourceTree = "<group>"; };
		24AF4982296F1BB8002DFFA7 /* MockTherapyRepository.swift */ = {isa = PBXFileReference; lastKnownFileType = sourcecode.swift; path = MockTherapyRepository.swift; sourceTree = "<group>"; };
		24AF4984296F1EDE002DFFA7 /* MockConnectivity.swift */ = {isa = PBXFileReference; lastKnownFileType = sourcecode.swift; path = MockConnectivity.swift; sourceTree = "<group>"; };
		24AF4986296F1F50002DFFA7 /* ConnectionProviderProtocol.swift */ = {isa = PBXFileReference; lastKnownFileType = sourcecode.swift; path = ConnectionProviderProtocol.swift; sourceTree = "<group>"; };
		24B4216729352E3A0045489E /* PathologiesRepositoryTests.swift */ = {isa = PBXFileReference; lastKnownFileType = sourcecode.swift; path = PathologiesRepositoryTests.swift; sourceTree = "<group>"; };
		24C1CCFD2928F93C0089F9A0 /* API.swift */ = {isa = PBXFileReference; lastKnownFileType = sourcecode.swift; path = API.swift; sourceTree = "<group>"; };
		24C1CCFF2928FA010089F9A0 /* APITypes.swift */ = {isa = PBXFileReference; lastKnownFileType = sourcecode.swift; path = APITypes.swift; sourceTree = "<group>"; };
		24C1CD012928FBAA0089F9A0 /* APIClient.swift */ = {isa = PBXFileReference; lastKnownFileType = sourcecode.swift; path = APIClient.swift; sourceTree = "<group>"; };
		24C54EDB293279520021C783 /* PathologyRepositoryProtocol.swift */ = {isa = PBXFileReference; lastKnownFileType = sourcecode.swift; path = PathologyRepositoryProtocol.swift; sourceTree = "<group>"; };
		24C54EDD29327E9C0021C783 /* ClientProtocol.swift */ = {isa = PBXFileReference; lastKnownFileType = sourcecode.swift; path = ClientProtocol.swift; sourceTree = "<group>"; };
		24D09CB9295067FF00E88DBC /* Gender.swift */ = {isa = PBXFileReference; lastKnownFileType = sourcecode.swift; path = Gender.swift; sourceTree = "<group>"; };
		24D420DE2938BC090090A42D /* Doctor.swift */ = {isa = PBXFileReference; lastKnownFileType = sourcecode.swift; path = Doctor.swift; sourceTree = "<group>"; };
		24D420E02938BC170090A42D /* ExaminationType.swift */ = {isa = PBXFileReference; lastKnownFileType = sourcecode.swift; path = ExaminationType.swift; sourceTree = "<group>"; };
		24D9F8832970110400F8340B /* MockPathologyRepository.swift */ = {isa = PBXFileReference; lastKnownFileType = sourcecode.swift; path = MockPathologyRepository.swift; sourceTree = "<group>"; };
		24D9F8852970170100F8340B /* MockContactRepository.swift */ = {isa = PBXFileReference; lastKnownFileType = sourcecode.swift; path = MockContactRepository.swift; sourceTree = "<group>"; };
		24D9F88729701B5B00F8340B /* MockReservationRepository.swift */ = {isa = PBXFileReference; lastKnownFileType = sourcecode.swift; path = MockReservationRepository.swift; sourceTree = "<group>"; };
		24DC3B0B2957646900EE7FBC /* ConnectionProvider.swift */ = {isa = PBXFileReference; lastKnownFileType = sourcecode.swift; path = ConnectionProvider.swift; sourceTree = "<group>"; };
		24DC3B0E2957649400EE7FBC /* WatchConnectivity.framework */ = {isa = PBXFileReference; lastKnownFileType = wrapper.framework; name = WatchConnectivity.framework; path = System/Library/Frameworks/WatchConnectivity.framework; sourceTree = SDKROOT; };
		24EDDCA3293A0DBA007CA69E /* Address2Coordinates.swift */ = {isa = PBXFileReference; lastKnownFileType = sourcecode.swift; path = Address2Coordinates.swift; sourceTree = "<group>"; };
		851B5FD82954445D00D59CBC /* TicketSheet.swift */ = {isa = PBXFileReference; lastKnownFileType = sourcecode.swift; path = TicketSheet.swift; sourceTree = "<group>"; };
		851B5FDA2954B01A00D59CBC /* TherapySheet.swift */ = {isa = PBXFileReference; lastKnownFileType = sourcecode.swift; path = TherapySheet.swift; sourceTree = "<group>"; };
		852944D02925ABFA006FC0C5 /* AppInformation.json */ = {isa = PBXFileReference; fileEncoding = 4; lastKnownFileType = text.json; path = AppInformation.json; sourceTree = "<group>"; };
		852F1A282946218900B57B18 /* Prescription.swift */ = {isa = PBXFileReference; lastKnownFileType = sourcecode.swift; path = Prescription.swift; sourceTree = "<group>"; };
		852F1A2B2946219400B57B18 /* DrugsDatabase.swift */ = {isa = PBXFileReference; lastKnownFileType = sourcecode.swift; path = DrugsDatabase.swift; sourceTree = "<group>"; };
		852F1A2F2946241600B57B18 /* Styles.swift */ = {isa = PBXFileReference; lastKnownFileType = sourcecode.swift; path = Styles.swift; sourceTree = "<group>"; };
		852F1A322946AFB400B57B18 /* Notes.swift */ = {isa = PBXFileReference; lastKnownFileType = sourcecode.swift; path = Notes.swift; sourceTree = "<group>"; };
		852F1A382947E17000B57B18 /* Objects.swift */ = {isa = PBXFileReference; lastKnownFileType = sourcecode.swift; path = Objects.swift; sourceTree = "<group>"; };
		8536F55229690379008CFBD0 /* LoginUITests.swift */ = {isa = PBXFileReference; lastKnownFileType = sourcecode.swift; path = LoginUITests.swift; sourceTree = "<group>"; };
		8536F55429690944008CFBD0 /* SignupUITests.swift */ = {isa = PBXFileReference; lastKnownFileType = sourcecode.swift; path = SignupUITests.swift; sourceTree = "<group>"; };
		8536F55629690A2D008CFBD0 /* RestoreUITest.swift */ = {isa = PBXFileReference; lastKnownFileType = sourcecode.swift; path = RestoreUITest.swift; sourceTree = "<group>"; };
		857282FE293EC4A700AF993E /* DoctorsDatabase.swift */ = {isa = PBXFileReference; lastKnownFileType = sourcecode.swift; path = DoctorsDatabase.swift; sourceTree = "<group>"; };
		857A54ED2922D34300413841 /* Healthub.app */ = {isa = PBXFileReference; explicitFileType = wrapper.application; includeInIndex = 0; path = Healthub.app; sourceTree = BUILT_PRODUCTS_DIR; };
		857A54F02922D34300413841 /* HealthubApp.swift */ = {isa = PBXFileReference; lastKnownFileType = sourcecode.swift; path = HealthubApp.swift; sourceTree = "<group>"; };
		857A54F42922D34400413841 /* Assets.xcassets */ = {isa = PBXFileReference; lastKnownFileType = folder.assetcatalog; path = Assets.xcassets; sourceTree = "<group>"; };
		857A54F72922D34400413841 /* Preview Assets.xcassets */ = {isa = PBXFileReference; lastKnownFileType = folder.assetcatalog; path = "Preview Assets.xcassets"; sourceTree = "<group>"; };
		857A55022922D3D200413841 /* Main.swift */ = {isa = PBXFileReference; lastKnownFileType = sourcecode.swift; path = Main.swift; sourceTree = "<group>"; };
		857A55092922D6D800413841 /* Tickets.swift */ = {isa = PBXFileReference; lastKnownFileType = sourcecode.swift; path = Tickets.swift; sourceTree = "<group>"; };
		857A550B2922D70000413841 /* Therapies.swift */ = {isa = PBXFileReference; lastKnownFileType = sourcecode.swift; path = Therapies.swift; sourceTree = "<group>"; };
		857A550D2922D72300413841 /* Doctors.swift */ = {isa = PBXFileReference; lastKnownFileType = sourcecode.swift; path = Doctors.swift; sourceTree = "<group>"; };
		857A550F2922D75000413841 /* Profile.swift */ = {isa = PBXFileReference; lastKnownFileType = sourcecode.swift; path = Profile.swift; sourceTree = "<group>"; };
		857A55142922DC8500413841 /* OnBoarding.swift */ = {isa = PBXFileReference; lastKnownFileType = sourcecode.swift; path = OnBoarding.swift; sourceTree = "<group>"; };
		857A55182922DCBB00413841 /* Feature.swift */ = {isa = PBXFileReference; lastKnownFileType = sourcecode.swift; path = Feature.swift; sourceTree = "<group>"; };
		857A551A2922DDDA00413841 /* OnBoarding.json */ = {isa = PBXFileReference; fileEncoding = 4; lastKnownFileType = text.json; path = OnBoarding.json; sourceTree = "<group>"; };
		857A551C2923120800413841 /* Information.swift */ = {isa = PBXFileReference; lastKnownFileType = sourcecode.swift; path = Information.swift; sourceTree = "<group>"; };
		857A551E2923130A00413841 /* Pathologies.swift */ = {isa = PBXFileReference; lastKnownFileType = sourcecode.swift; path = Pathologies.swift; sourceTree = "<group>"; };
		8596F4FD295358F400E2410C /* Healthub.app */ = {isa = PBXFileReference; explicitFileType = wrapper.application; includeInIndex = 0; path = Healthub.app; sourceTree = BUILT_PRODUCTS_DIR; };
		8596F4FF295358F400E2410C /* WatchubApp.swift */ = {isa = PBXFileReference; lastKnownFileType = sourcecode.swift; path = WatchubApp.swift; sourceTree = "<group>"; };
		8596F501295358F400E2410C /* MainView.swift */ = {isa = PBXFileReference; lastKnownFileType = sourcecode.swift; path = MainView.swift; sourceTree = "<group>"; };
		8596F503295358F500E2410C /* Assets.xcassets */ = {isa = PBXFileReference; lastKnownFileType = folder.assetcatalog; path = Assets.xcassets; sourceTree = "<group>"; };
		8596F506295358F500E2410C /* Preview Assets.xcassets */ = {isa = PBXFileReference; lastKnownFileType = folder.assetcatalog; path = "Preview Assets.xcassets"; sourceTree = "<group>"; };
		8596F50D29535A9500E2410C /* Profile.swift */ = {isa = PBXFileReference; lastKnownFileType = sourcecode.swift; path = Profile.swift; sourceTree = "<group>"; };
		8596F51029535EBA00E2410C /* Tickets.swift */ = {isa = PBXFileReference; lastKnownFileType = sourcecode.swift; path = Tickets.swift; sourceTree = "<group>"; };
		8596F51329535F5000E2410C /* Doctors.swift */ = {isa = PBXFileReference; lastKnownFileType = sourcecode.swift; path = Doctors.swift; sourceTree = "<group>"; };
		8596F51629535FC400E2410C /* Therapies.swift */ = {isa = PBXFileReference; lastKnownFileType = sourcecode.swift; path = Therapies.swift; sourceTree = "<group>"; };
		85BB5AAB2935FE160039618B /* TicketSheet.swift */ = {isa = PBXFileReference; lastKnownFileType = sourcecode.swift; path = TicketSheet.swift; sourceTree = "<group>"; };
		85BB5AB9293802CE0039618B /* Booking.swift */ = {isa = PBXFileReference; lastKnownFileType = sourcecode.swift; path = Booking.swift; sourceTree = "<group>"; };
		85BB5ABC293808380039618B /* Examinations.swift */ = {isa = PBXFileReference; lastKnownFileType = sourcecode.swift; path = Examinations.swift; sourceTree = "<group>"; };
		85EE03FC295F9565000106BC /* TherapySheet.swift */ = {isa = PBXFileReference; lastKnownFileType = sourcecode.swift; path = TherapySheet.swift; sourceTree = "<group>"; };
		85F7134F2964925D00C6E77D /* Recover.swift */ = {isa = PBXFileReference; lastKnownFileType = sourcecode.swift; path = Recover.swift; sourceTree = "<group>"; };
		85F713522965125700C6E77D /* Pathologies.swift */ = {isa = PBXFileReference; lastKnownFileType = sourcecode.swift; path = Pathologies.swift; sourceTree = "<group>"; };
/* End PBXFileReference section */

/* Begin PBXFrameworksBuildPhase section */
		246AC22329351951004FAE20 /* Frameworks */ = {
			isa = PBXFrameworksBuildPhase;
			buildActionMask = 2147483647;
			files = (
			);
			runOnlyForDeploymentPostprocessing = 0;
		};
		857A54EA2922D34300413841 /* Frameworks */ = {
			isa = PBXFrameworksBuildPhase;
			buildActionMask = 2147483647;
			files = (
				8536F54E2968E9EF008CFBD0 /* SPAlert in Frameworks */,
				241759502927A5290051BE0B /* SwiftKeychainWrapper in Frameworks */,
				8536F5512968F53D008CFBD0 /* SPIndicator in Frameworks */,
				24DC3B0F2957649400EE7FBC /* WatchConnectivity.framework in Frameworks */,
				24889473295D8971002215A7 /* CoreData.framework in Frameworks */,
				852F1A372946B09200B57B18 /* TextView in Frameworks */,
				243A9C9B292B8C5600731E3D /* AlertToast in Frameworks */,
			);
			runOnlyForDeploymentPostprocessing = 0;
		};
		8596F4FA295358F400E2410C /* Frameworks */ = {
			isa = PBXFrameworksBuildPhase;
			buildActionMask = 2147483647;
			files = (
				2431A5472959A797001F9E64 /* SwiftKeychainWrapper in Frameworks */,
				242D9C73295DF08800A32FD3 /* CoreData.framework in Frameworks */,
			);
			runOnlyForDeploymentPostprocessing = 0;
		};
/* End PBXFrameworksBuildPhase section */

/* Begin PBXGroup section */
		241759532927A5B20051BE0B /* Login */ = {
			isa = PBXGroup;
			children = (
				2417595C2927A6150051BE0B /* Welcome.swift */,
				241759582927A5FA0051BE0B /* Login.swift */,
				2417595A2927A60C0051BE0B /* Signup.swift */,
				85F7134F2964925D00C6E77D /* Recover.swift */,
			);
			path = Login;
			sourceTree = "<group>";
		};
		246AC22729351951004FAE20 /* HealthubTests */ = {
			isa = PBXGroup;
			children = (
				8541252F2968DBE8008115E8 /* UI */,
				246AC23129351AEE004FAE20 /* Mocks */,
				246AC22F293519D6004FAE20 /* UserRepositoryTests.swift */,
				24B4216729352E3A0045489E /* PathologiesRepositoryTests.swift */,
				2454E1D82938B17700AF0CE0 /* ReservationRepositoryTests.swift */,
				24AF4970296ECC2F002DFFA7 /* ContactRepositoryTests.swift */,
				24AF4972296EF308002DFFA7 /* TherapyRepositoryTests.swift */,
				24AF4974296EF3A3002DFFA7 /* TherapyViewModelTests.swift */,
				2495CB89293A093400DD4535 /* LoginViewModelTests.swift */,
				24AF4976296EF415002DFFA7 /* PathologyViewModelTests.swift */,
				24AF4978296EF47A002DFFA7 /* ProfileViewModelTests.swift */,
				24AF497A296EF4CF002DFFA7 /* TicketViewModelTests.swift */,
				24AF497C296EF558002DFFA7 /* SignUpViewModelTests.swift */,
				24AF497E296EF58D002DFFA7 /* ContactViewModelTests.swift */,
			);
			path = HealthubTests;
			sourceTree = "<group>";
		};
		246AC23129351AEE004FAE20 /* Mocks */ = {
			isa = PBXGroup;
			children = (
				246AC23229351B05004FAE20 /* MockClient.swift */,
				2454E1DA2938B19000AF0CE0 /* MockClientReservations.swift */,
				2495CB87293A091600DD4535 /* MockUserRepository.swift */,
				24AF4980296F0A25002DFFA7 /* MockClientTherapy.swift */,
				24AF4982296F1BB8002DFFA7 /* MockTherapyRepository.swift */,
				24D9F8832970110400F8340B /* MockPathologyRepository.swift */,
				24D9F8852970170100F8340B /* MockContactRepository.swift */,
				240C320F296B162C0064E8CB /* MockDBHelper.swift */,
				24D9F88729701B5B00F8340B /* MockReservationRepository.swift */,
				24AF4984296F1EDE002DFFA7 /* MockConnectivity.swift */,
			);
			path = Mocks;
			sourceTree = "<group>";
		};
		2488946F295D8902002215A7 /* Persistence */ = {
			isa = PBXGroup;
			children = (
				24889475295D89E5002215A7 /* persistenceData.xcdatamodeld */,
				24889470295D8923002215A7 /* CoreDataHelper.swift */,
				2488949C295D90CB002215A7 /* DBHelperProtocol.swift */,
			);
			path = Persistence;
			sourceTree = "<group>";
		};
		249FF51F292A284B007C802F /* Repositories */ = {
			isa = PBXGroup;
			children = (
				249FF52C292A3F23007C802F /* RepositoriesProtocol */,
				249FF522292A2873007C802F /* PathologyRepository.swift */,
				249FF52E292A4797007C802F /* UserRepository.swift */,
				2454E1D62938B15900AF0CE0 /* ReservationRepository.swift */,
				2441663A29479D9700035824 /* ContactRepository.swift */,
				2441663029476E6200035824 /* TherapyRepository.swift */,
			);
			path = Repositories;
			sourceTree = "<group>";
		};
		249FF52C292A3F23007C802F /* RepositoriesProtocol */ = {
			isa = PBXGroup;
			children = (
				2480CD632934CA08004701F6 /* UserRepositoryProtocol.swift */,
				24C54EDB293279520021C783 /* PathologyRepositoryProtocol.swift */,
				2454E1D22938B11800AF0CE0 /* ReservationRepositoryProtocol.swift */,
				2441663229476E6D00035824 /* TherapyRepositoryProtocol.swift */,
				2441663829479D1D00035824 /* ContactRepositoryProtocol.swift */,
			);
			path = RepositoriesProtocol;
			sourceTree = "<group>";
		};
		249FF530292A721F007C802F /* Model */ = {
			isa = PBXGroup;
			children = (
				241759512927A5420051BE0B /* UserLogin.swift */,
				241759622927DE220051BE0B /* Pathology.swift */,
				2431A5522959AD96001F9E64 /* Examination.swift */,
				249FF531292A7801007C802F /* Patient.swift */,
				243C20CC2966E0E3005A7D80 /* Contact.swift */,
				244166342947731B00035824 /* Drug.swift */,
				24D420DE2938BC090090A42D /* Doctor.swift */,
				2454E1D42938B14500AF0CE0 /* Reservation.swift */,
				2441663629477E5000035824 /* Therapy.swift */,
				24D420E02938BC170090A42D /* ExaminationType.swift */,
				24D09CB9295067FF00E88DBC /* Gender.swift */,
			);
			path = Model;
			sourceTree = "<group>";
		};
		24C1CCFC2928F9190089F9A0 /* Remote */ = {
			isa = PBXGroup;
			children = (
				24C1CCFD2928F93C0089F9A0 /* API.swift */,
				24C1CCFF2928FA010089F9A0 /* APITypes.swift */,
				24C54EDD29327E9C0021C783 /* ClientProtocol.swift */,
				24C1CD012928FBAA0089F9A0 /* APIClient.swift */,
			);
			path = Remote;
			sourceTree = "<group>";
		};
		24DC3B0A2957640F00EE7FBC /* Connectivity */ = {
			isa = PBXGroup;
			children = (
				24DC3B0B2957646900EE7FBC /* ConnectionProvider.swift */,
				24AF4986296F1F50002DFFA7 /* ConnectionProviderProtocol.swift */,
			);
			path = Connectivity;
			sourceTree = "<group>";
		};
		24DC3B0D2957649400EE7FBC /* Frameworks */ = {
			isa = PBXGroup;
			children = (
				24889472295D8971002215A7 /* CoreData.framework */,
				242D9C72295DF08800A32FD3 /* CoreData.framework */,
				24DC3B0E2957649400EE7FBC /* WatchConnectivity.framework */,
			);
			name = Frameworks;
			sourceTree = "<group>";
		};
		24EDDCA2293A0D9D007CA69E /* Utilities */ = {
			isa = PBXGroup;
			children = (
				24EDDCA3293A0DBA007CA69E /* Address2Coordinates.swift */,
			);
			path = Utilities;
			sourceTree = "<group>";
		};
		852F1A2E2946240900B57B18 /* Shared */ = {
			isa = PBXGroup;
			children = (
				852F1A2F2946241600B57B18 /* Styles.swift */,
				852F1A382947E17000B57B18 /* Objects.swift */,
			);
			path = Shared;
			sourceTree = "<group>";
		};
		8541252F2968DBE8008115E8 /* UI */ = {
			isa = PBXGroup;
			children = (
				8536F55229690379008CFBD0 /* LoginUITests.swift */,
				8536F55429690944008CFBD0 /* SignupUITests.swift */,
				8536F55629690A2D008CFBD0 /* RestoreUITest.swift */,
			);
			path = UI;
			sourceTree = "<group>";
		};
		857A54E42922D34300413841 = {
			isa = PBXGroup;
			children = (
				857A54EF2922D34300413841 /* Healthub */,
				246AC22729351951004FAE20 /* HealthubTests */,
				8596F4FE295358F400E2410C /* Healthub Watch */,
				857A54EE2922D34300413841 /* Products */,
				24DC3B0D2957649400EE7FBC /* Frameworks */,
			);
			sourceTree = "<group>";
		};
		857A54EE2922D34300413841 /* Products */ = {
			isa = PBXGroup;
			children = (
				857A54ED2922D34300413841 /* Healthub.app */,
				246AC22629351951004FAE20 /* HealthubTests.xctest */,
				8596F4FD295358F400E2410C /* Healthub.app */,
			);
			name = Products;
			sourceTree = "<group>";
		};
		857A54EF2922D34300413841 /* Healthub */ = {
			isa = PBXGroup;
			children = (
				857A54F02922D34300413841 /* HealthubApp.swift */,
				857A54FE2922D38300413841 /* Resources */,
				2488946F295D8902002215A7 /* Persistence */,
				249FF51F292A284B007C802F /* Repositories */,
				24DC3B0A2957640F00EE7FBC /* Connectivity */,
				24C1CCFC2928F9190089F9A0 /* Remote */,
				249FF530292A721F007C802F /* Model */,
				857A55012922D3AA00413841 /* ViewModel */,
				857A55002922D39500413841 /* View */,
				857A54F42922D34400413841 /* Assets.xcassets */,
				857A54F62922D34400413841 /* Preview Content */,
			);
			path = Healthub;
			sourceTree = "<group>";
		};
		857A54F62922D34400413841 /* Preview Content */ = {
			isa = PBXGroup;
			children = (
				857A54F72922D34400413841 /* Preview Assets.xcassets */,
			);
			path = "Preview Content";
			sourceTree = "<group>";
		};
		857A54FE2922D38300413841 /* Resources */ = {
			isa = PBXGroup;
			children = (
				857A551A2922DDDA00413841 /* OnBoarding.json */,
				852944D02925ABFA006FC0C5 /* AppInformation.json */,
			);
			path = Resources;
			sourceTree = "<group>";
		};
		857A55002922D39500413841 /* View */ = {
			isa = PBXGroup;
			children = (
				857A55022922D3D200413841 /* Main.swift */,
				852F1A2E2946240900B57B18 /* Shared */,
				24EDDCA2293A0D9D007CA69E /* Utilities */,
				241759532927A5B20051BE0B /* Login */,
				857A55132922DC7500413841 /* OnBoarding */,
				857A55042922D57200413841 /* App */,
			);
			path = View;
			sourceTree = "<group>";
		};
		857A55012922D3AA00413841 /* ViewModel */ = {
			isa = PBXGroup;
			children = (
				2417594C2927A5000051BE0B /* LoginViewModel.swift */,
				249FF535292A79B0007C802F /* ProfileViewModel.swift */,
				2417595E2927D8F40051BE0B /* SignUpViewModel.swift */,
				241759602927DC330051BE0B /* PathologyViewModel.swift */,
				2441663C29479DF200035824 /* ContactViewModel.swift */,
				2441662E294764D400035824 /* TherapyViewModel.swift */,
				2495CB8B293A0A1D00DD4535 /* TicketViewModel.swift */,
			);
			path = ViewModel;
			sourceTree = "<group>";
		};
		857A55042922D57200413841 /* App */ = {
			isa = PBXGroup;
			children = (
				857A55052922D57D00413841 /* Tickets */,
				857A55062922D58A00413841 /* Therapies */,
				857A55082922D5A300413841 /* Doctors */,
				857A55072922D59D00413841 /* Profile */,
			);
			path = App;
			sourceTree = "<group>";
		};
		857A55052922D57D00413841 /* Tickets */ = {
			isa = PBXGroup;
			children = (
				85BB5AAB2935FE160039618B /* TicketSheet.swift */,
				857A55092922D6D800413841 /* Tickets.swift */,
				85BB5AB9293802CE0039618B /* Booking.swift */,
				85BB5ABC293808380039618B /* Examinations.swift */,
			);
			path = Tickets;
			sourceTree = "<group>";
		};
		857A55062922D58A00413841 /* Therapies */ = {
			isa = PBXGroup;
			children = (
				85EE03FC295F9565000106BC /* TherapySheet.swift */,
				857A550B2922D70000413841 /* Therapies.swift */,
				852F1A282946218900B57B18 /* Prescription.swift */,
				852F1A2B2946219400B57B18 /* DrugsDatabase.swift */,
				852F1A322946AFB400B57B18 /* Notes.swift */,
			);
			path = Therapies;
			sourceTree = "<group>";
		};
		857A55072922D59D00413841 /* Profile */ = {
			isa = PBXGroup;
			children = (
				857A550F2922D75000413841 /* Profile.swift */,
				857A551C2923120800413841 /* Information.swift */,
				857A551E2923130A00413841 /* Pathologies.swift */,
			);
			path = Profile;
			sourceTree = "<group>";
		};
		857A55082922D5A300413841 /* Doctors */ = {
			isa = PBXGroup;
			children = (
				857A550D2922D72300413841 /* Doctors.swift */,
				857282FE293EC4A700AF993E /* DoctorsDatabase.swift */,
			);
			path = Doctors;
			sourceTree = "<group>";
		};
		857A55132922DC7500413841 /* OnBoarding */ = {
			isa = PBXGroup;
			children = (
				857A55142922DC8500413841 /* OnBoarding.swift */,
				857A55182922DCBB00413841 /* Feature.swift */,
			);
			path = OnBoarding;
			sourceTree = "<group>";
		};
		8596F4FE295358F400E2410C /* Healthub Watch */ = {
			isa = PBXGroup;
			children = (
				8596F4FF295358F400E2410C /* WatchubApp.swift */,
				8596F50B29535A6300E2410C /* View */,
				8596F503295358F500E2410C /* Assets.xcassets */,
				8596F505295358F500E2410C /* Preview Content */,
			);
			path = "Healthub Watch";
			sourceTree = "<group>";
		};
		8596F505295358F500E2410C /* Preview Content */ = {
			isa = PBXGroup;
			children = (
				8596F506295358F500E2410C /* Preview Assets.xcassets */,
			);
			path = "Preview Content";
			sourceTree = "<group>";
		};
		8596F50B29535A6300E2410C /* View */ = {
			isa = PBXGroup;
			children = (
				8596F501295358F400E2410C /* MainView.swift */,
				8596F50F29535EA600E2410C /* Tickets */,
				8596F51529535FB400E2410C /* Therapies */,
				85F713512965124600C6E77D /* Pathologies */,
				8596F51229535F3B00E2410C /* Doctors */,
				8596F50C29535A6D00E2410C /* Profile */,
			);
			path = View;
			sourceTree = "<group>";
		};
		8596F50C29535A6D00E2410C /* Profile */ = {
			isa = PBXGroup;
			children = (
				8596F50D29535A9500E2410C /* Profile.swift */,
			);
			path = Profile;
			sourceTree = "<group>";
		};
		8596F50F29535EA600E2410C /* Tickets */ = {
			isa = PBXGroup;
			children = (
				8596F51029535EBA00E2410C /* Tickets.swift */,
				851B5FD82954445D00D59CBC /* TicketSheet.swift */,
			);
			path = Tickets;
			sourceTree = "<group>";
		};
		8596F51229535F3B00E2410C /* Doctors */ = {
			isa = PBXGroup;
			children = (
				8596F51329535F5000E2410C /* Doctors.swift */,
			);
			path = Doctors;
			sourceTree = "<group>";
		};
		8596F51529535FB400E2410C /* Therapies */ = {
			isa = PBXGroup;
			children = (
				8596F51629535FC400E2410C /* Therapies.swift */,
				851B5FDA2954B01A00D59CBC /* TherapySheet.swift */,
			);
			path = Therapies;
			sourceTree = "<group>";
		};
		85F713512965124600C6E77D /* Pathologies */ = {
			isa = PBXGroup;
			children = (
				85F713522965125700C6E77D /* Pathologies.swift */,
			);
			path = Pathologies;
			sourceTree = "<group>";
		};
/* End PBXGroup section */

/* Begin PBXNativeTarget section */
		246AC22529351951004FAE20 /* HealthubTests */ = {
			isa = PBXNativeTarget;
			buildConfigurationList = 246AC22E29351951004FAE20 /* Build configuration list for PBXNativeTarget "HealthubTests" */;
			buildPhases = (
				246AC22229351951004FAE20 /* Sources */,
				246AC22329351951004FAE20 /* Frameworks */,
				246AC22429351951004FAE20 /* Resources */,
			);
			buildRules = (
			);
			dependencies = (
				246AC22B29351951004FAE20 /* PBXTargetDependency */,
			);
			name = HealthubTests;
			productName = HealthubTests;
			productReference = 246AC22629351951004FAE20 /* HealthubTests.xctest */;
			productType = "com.apple.product-type.bundle.unit-test";
		};
		857A54EC2922D34300413841 /* Healthub */ = {
			isa = PBXNativeTarget;
			buildConfigurationList = 857A54FB2922D34400413841 /* Build configuration list for PBXNativeTarget "Healthub" */;
			buildPhases = (
				857A54E92922D34300413841 /* Sources */,
				857A54EA2922D34300413841 /* Frameworks */,
				857A54EB2922D34300413841 /* Resources */,
				24141EE42959C45200A20EFF /* Embed Watch Content */,
			);
			buildRules = (
			);
			dependencies = (
			);
			name = Healthub;
			packageProductDependencies = (
				2417594F2927A5290051BE0B /* SwiftKeychainWrapper */,
				243A9C9A292B8C5600731E3D /* AlertToast */,
				852F1A362946B09200B57B18 /* TextView */,
				8536F54D2968E9EF008CFBD0 /* SPAlert */,
				8536F5502968F53D008CFBD0 /* SPIndicator */,
			);
			productName = Healthub;
			productReference = 857A54ED2922D34300413841 /* Healthub.app */;
			productType = "com.apple.product-type.application";
		};
		8596F4FC295358F400E2410C /* Healthub Watch */ = {
			isa = PBXNativeTarget;
			buildConfigurationList = 8596F50A295358F500E2410C /* Build configuration list for PBXNativeTarget "Healthub Watch" */;
			buildPhases = (
				8596F4FA295358F400E2410C /* Frameworks */,
				8596F4FB295358F400E2410C /* Resources */,
				2431A5382959A6B5001F9E64 /* Sources */,
			);
			buildRules = (
			);
			dependencies = (
			);
			name = "Healthub Watch";
			packageProductDependencies = (
				2431A5462959A797001F9E64 /* SwiftKeychainWrapper */,
			);
			productName = "Watchub Watch App";
			productReference = 8596F4FD295358F400E2410C /* Healthub.app */;
			productType = "com.apple.product-type.application";
		};
/* End PBXNativeTarget section */

/* Begin PBXProject section */
		857A54E52922D34300413841 /* Project object */ = {
			isa = PBXProject;
			attributes = {
				BuildIndependentTargetsInParallel = 1;
				LastSwiftUpdateCheck = 1420;
				LastUpgradeCheck = 1420;
				TargetAttributes = {
					246AC22529351951004FAE20 = {
						CreatedOnToolsVersion = 14.1;
						TestTargetID = 857A54EC2922D34300413841;
					};
					857A54EC2922D34300413841 = {
						CreatedOnToolsVersion = 14.1;
					};
					8596F4FC295358F400E2410C = {
						CreatedOnToolsVersion = 14.2;
					};
				};
			};
			buildConfigurationList = 857A54E82922D34300413841 /* Build configuration list for PBXProject "Healthub" */;
			compatibilityVersion = "Xcode 14.0";
			developmentRegion = en;
			hasScannedForEncodings = 0;
			knownRegions = (
				en,
				Base,
			);
			mainGroup = 857A54E42922D34300413841;
			packageReferences = (
				2417594E2927A5290051BE0B /* XCRemoteSwiftPackageReference "SwiftKeychainWrapper" */,
				243A9C99292B8C5600731E3D /* XCRemoteSwiftPackageReference "AlertToast" */,
				852F1A352946B09200B57B18 /* XCRemoteSwiftPackageReference "TextView" */,
				8536F54C2968E9EF008CFBD0 /* XCRemoteSwiftPackageReference "SPAlert" */,
				8536F54F2968F53D008CFBD0 /* XCRemoteSwiftPackageReference "SPIndicator" */,
			);
			productRefGroup = 857A54EE2922D34300413841 /* Products */;
			projectDirPath = "";
			projectRoot = "";
			targets = (
				857A54EC2922D34300413841 /* Healthub */,
				8596F4FC295358F400E2410C /* Healthub Watch */,
				246AC22529351951004FAE20 /* HealthubTests */,
			);
		};
/* End PBXProject section */

/* Begin PBXResourcesBuildPhase section */
		246AC22429351951004FAE20 /* Resources */ = {
			isa = PBXResourcesBuildPhase;
			buildActionMask = 2147483647;
			files = (
			);
			runOnlyForDeploymentPostprocessing = 0;
		};
		857A54EB2922D34300413841 /* Resources */ = {
			isa = PBXResourcesBuildPhase;
			buildActionMask = 2147483647;
			files = (
				857A54F82922D34400413841 /* Preview Assets.xcassets in Resources */,
				857A54F52922D34400413841 /* Assets.xcassets in Resources */,
				852944D12925ABFA006FC0C5 /* AppInformation.json in Resources */,
				857A551B2922DDDA00413841 /* OnBoarding.json in Resources */,
			);
			runOnlyForDeploymentPostprocessing = 0;
		};
		8596F4FB295358F400E2410C /* Resources */ = {
			isa = PBXResourcesBuildPhase;
			buildActionMask = 2147483647;
			files = (
				8596F507295358F500E2410C /* Preview Assets.xcassets in Resources */,
				8596F504295358F500E2410C /* Assets.xcassets in Resources */,
			);
			runOnlyForDeploymentPostprocessing = 0;
		};
/* End PBXResourcesBuildPhase section */

/* Begin PBXSourcesBuildPhase section */
		2431A5382959A6B5001F9E64 /* Sources */ = {
			isa = PBXSourcesBuildPhase;
			buildActionMask = 2147483647;
			files = (
				24AF4988296F216B002DFFA7 /* ConnectionProviderProtocol.swift in Sources */,
				240C31E7296ACA6C0064E8CB /* Contact.swift in Sources */,
				240C31E6296AC9BD0064E8CB /* ContactViewModel.swift in Sources */,
				240C31E5296AC9B80064E8CB /* ContactRepository.swift in Sources */,
				240C31E4296AC9B30064E8CB /* ContactRepositoryProtocol.swift in Sources */,
				240366FD296335A7003E0F1E /* UserRepository.swift in Sources */,
				240366FC29633573003E0F1E /* UserRepositoryProtocol.swift in Sources */,
				240366FB2963356B003E0F1E /* ProfileViewModel.swift in Sources */,
				240366FA2962E18D003E0F1E /* TherapyRepository.swift in Sources */,
				240366F92962E184003E0F1E /* TherapyRepositoryProtocol.swift in Sources */,
				240366F82962E16B003E0F1E /* TherapyViewModel.swift in Sources */,
				242D9C76295DF98A00A32FD3 /* Patient.swift in Sources */,
				242D9C75295DF98300A32FD3 /* Gender.swift in Sources */,
				24D077A4295DA59000190969 /* DBHelperProtocol.swift in Sources */,
				24D077A3295DA58D00190969 /* CoreDataHelper.swift in Sources */,
				24889474295D89B1002215A7 /* Pathology.swift in Sources */,
				248C68A0295C3F5800B90959 /* Address2Coordinates.swift in Sources */,
				2431A5542959ADB5001F9E64 /* Examination.swift in Sources */,
				2431A54E2959AC84001F9E64 /* Drug.swift in Sources */,
				85F713532965125700C6E77D /* Pathologies.swift in Sources */,
				2431A54F2959AC84001F9E64 /* Doctor.swift in Sources */,
				2431A5502959AC84001F9E64 /* Therapy.swift in Sources */,
				2431A54A2959A9CA001F9E64 /* API.swift in Sources */,
				2431A54B2959A9CA001F9E64 /* APITypes.swift in Sources */,
				2431A54C2959A9CA001F9E64 /* ClientProtocol.swift in Sources */,
				2431A54D2959A9CA001F9E64 /* APIClient.swift in Sources */,
				2431A5492959A9B2001F9E64 /* ExaminationType.swift in Sources */,
				2431A5482959A95C001F9E64 /* ConnectionProvider.swift in Sources */,
				2431A5422959A6E3001F9E64 /* ReservationRepositoryProtocol.swift in Sources */,
				2431A5432959A6E3001F9E64 /* ReservationRepository.swift in Sources */,
				2431A5442959A6E3001F9E64 /* Reservation.swift in Sources */,
				2431A5452959A6E3001F9E64 /* TicketViewModel.swift in Sources */,
				2431A5392959A6CB001F9E64 /* WatchubApp.swift in Sources */,
				2431A53A2959A6CB001F9E64 /* MainView.swift in Sources */,
				2431A53B2959A6CB001F9E64 /* Tickets.swift in Sources */,
				2431A53C2959A6CB001F9E64 /* TicketSheet.swift in Sources */,
				2431A53D2959A6CB001F9E64 /* Therapies.swift in Sources */,
				2431A53E2959A6CB001F9E64 /* TherapySheet.swift in Sources */,
				2431A53F2959A6CB001F9E64 /* Doctors.swift in Sources */,
				2431A5402959A6CB001F9E64 /* Profile.swift in Sources */,
				242D9C74295DF48100A32FD3 /* persistenceData.xcdatamodeld in Sources */,
			);
			runOnlyForDeploymentPostprocessing = 0;
		};
		246AC22229351951004FAE20 /* Sources */ = {
			isa = PBXSourcesBuildPhase;
			buildActionMask = 2147483647;
			files = (
				2495CB88293A091600DD4535 /* MockUserRepository.swift in Sources */,
				24AF4973296EF308002DFFA7 /* TherapyRepositoryTests.swift in Sources */,
				24AF4985296F1EDE002DFFA7 /* MockConnectivity.swift in Sources */,
				24AF4975296EF3A3002DFFA7 /* TherapyViewModelTests.swift in Sources */,
				24D9F8862970170100F8340B /* MockContactRepository.swift in Sources */,
				2495CB8A293A093400DD4535 /* LoginViewModelTests.swift in Sources */,
				24AF4981296F0A25002DFFA7 /* MockClientTherapy.swift in Sources */,
				24D9F88829701B5B00F8340B /* MockReservationRepository.swift in Sources */,
				24AF4979296EF47A002DFFA7 /* ProfileViewModelTests.swift in Sources */,
				24AF4983296F1BB9002DFFA7 /* MockTherapyRepository.swift in Sources */,
				2454E1DB2938B19000AF0CE0 /* MockClientReservations.swift in Sources */,
				24AF497B296EF4CF002DFFA7 /* TicketViewModelTests.swift in Sources */,
				8536F55329690379008CFBD0 /* LoginUITests.swift in Sources */,
				8536F55529690944008CFBD0 /* SignupUITests.swift in Sources */,
				24AA106E293A424C00CF374E /* Address2Coordinates.swift in Sources */,
				2454E1D92938B17700AF0CE0 /* ReservationRepositoryTests.swift in Sources */,
				24D9F8842970110400F8340B /* MockPathologyRepository.swift in Sources */,
				24B4216829352E3A0045489E /* PathologiesRepositoryTests.swift in Sources */,
				8536F55729690A2D008CFBD0 /* RestoreUITest.swift in Sources */,
				246AC23329351B05004FAE20 /* MockClient.swift in Sources */,
				24AF4977296EF415002DFFA7 /* PathologyViewModelTests.swift in Sources */,
				24AF497F296EF58D002DFFA7 /* ContactViewModelTests.swift in Sources */,
				24AF4971296ECC2F002DFFA7 /* ContactRepositoryTests.swift in Sources */,
				246AC230293519D6004FAE20 /* UserRepositoryTests.swift in Sources */,
				240C3210296B162C0064E8CB /* MockDBHelper.swift in Sources */,
				24AF497D296EF558002DFFA7 /* SignUpViewModelTests.swift in Sources */,
				852F1A342946AFB400B57B18 /* Notes.swift in Sources */,
			);
			runOnlyForDeploymentPostprocessing = 0;
		};
		857A54E92922D34300413841 /* Sources */ = {
			isa = PBXSourcesBuildPhase;
			buildActionMask = 2147483647;
			files = (
				24AF4987296F1F50002DFFA7 /* ConnectionProviderProtocol.swift in Sources */,
				857A54F12922D34300413841 /* HealthubApp.swift in Sources */,
				24D09CBA295067FF00E88DBC /* Gender.swift in Sources */,
				857A551D2923120800413841 /* Information.swift in Sources */,
				2441663329476E6D00035824 /* TherapyRepositoryProtocol.swift in Sources */,
				857A551F2923130A00413841 /* Pathologies.swift in Sources */,
				249FF532292A7801007C802F /* Patient.swift in Sources */,
				2441663729477E5000035824 /* Therapy.swift in Sources */,
				85EE03FD295F9565000106BC /* TherapySheet.swift in Sources */,
				24C1CD022928FBAA0089F9A0 /* APIClient.swift in Sources */,
				2454E1D72938B15900AF0CE0 /* ReservationRepository.swift in Sources */,
				857A55032922D3D200413841 /* Main.swift in Sources */,
				241759632927DE220051BE0B /* Pathology.swift in Sources */,
				2441663929479D1D00035824 /* ContactRepositoryProtocol.swift in Sources */,
				24D420E12938BC170090A42D /* ExaminationType.swift in Sources */,
				857A55152922DC8500413841 /* OnBoarding.swift in Sources */,
				85BB5ABD293808380039618B /* Examinations.swift in Sources */,
				2417595F2927D8F40051BE0B /* SignUpViewModel.swift in Sources */,
				85BB5AAC2935FE160039618B /* TicketSheet.swift in Sources */,
				2417595B2927A60C0051BE0B /* Signup.swift in Sources */,
				2495CB8C293A0A1D00DD4535 /* TicketViewModel.swift in Sources */,
				2454E1D32938B11800AF0CE0 /* ReservationRepositoryProtocol.swift in Sources */,
				24C1CD002928FA010089F9A0 /* APITypes.swift in Sources */,
				24DC3B0C2957646900EE7FBC /* ConnectionProvider.swift in Sources */,
				852F1A332946AFB400B57B18 /* Notes.swift in Sources */,
				857A55192922DCBB00413841 /* Feature.swift in Sources */,
				249FF52F292A4797007C802F /* UserRepository.swift in Sources */,
				2488949D295D90CB002215A7 /* DBHelperProtocol.swift in Sources */,
				2431A5532959AD96001F9E64 /* Examination.swift in Sources */,
				857A550C2922D70000413841 /* Therapies.swift in Sources */,
				857282FF293EC4A700AF993E /* DoctorsDatabase.swift in Sources */,
				24D420DF2938BC090090A42D /* Doctor.swift in Sources */,
				243C20CD2966E0E3005A7D80 /* Contact.swift in Sources */,
				852F1A2C2946219400B57B18 /* DrugsDatabase.swift in Sources */,
				244166352947731B00035824 /* Drug.swift in Sources */,
				85F713502964925D00C6E77D /* Recover.swift in Sources */,
				241759522927A5420051BE0B /* UserLogin.swift in Sources */,
				857A55102922D75000413841 /* Profile.swift in Sources */,
				2441662F294764D400035824 /* TherapyViewModel.swift in Sources */,
				2417594D2927A5000051BE0B /* LoginViewModel.swift in Sources */,
				857A550E2922D72300413841 /* Doctors.swift in Sources */,
				2441663B29479D9700035824 /* ContactRepository.swift in Sources */,
				2441663129476E6200035824 /* TherapyRepository.swift in Sources */,
				249FF523292A2873007C802F /* PathologyRepository.swift in Sources */,
				2454E1D52938B14500AF0CE0 /* Reservation.swift in Sources */,
				852F1A292946218900B57B18 /* Prescription.swift in Sources */,
				24EDDCA4293A0DBA007CA69E /* Address2Coordinates.swift in Sources */,
				24C54EDE29327E9C0021C783 /* ClientProtocol.swift in Sources */,
				249FF536292A79B0007C802F /* ProfileViewModel.swift in Sources */,
				2441663D29479DF200035824 /* ContactViewModel.swift in Sources */,
				24C1CCFE2928F93C0089F9A0 /* API.swift in Sources */,
				852F1A302946241600B57B18 /* Styles.swift in Sources */,
				852F1A392947E17000B57B18 /* Objects.swift in Sources */,
				2417595D2927A6150051BE0B /* Welcome.swift in Sources */,
				2480CD642934CA08004701F6 /* UserRepositoryProtocol.swift in Sources */,
				857A550A2922D6D800413841 /* Tickets.swift in Sources */,
				24889471295D8923002215A7 /* CoreDataHelper.swift in Sources */,
				241759612927DC330051BE0B /* PathologyViewModel.swift in Sources */,
				24C54EDC293279520021C783 /* PathologyRepositoryProtocol.swift in Sources */,
				24889477295D89E5002215A7 /* persistenceData.xcdatamodeld in Sources */,
				241759592927A5FA0051BE0B /* Login.swift in Sources */,
				85BB5ABA293802CE0039618B /* Booking.swift in Sources */,
			);
			runOnlyForDeploymentPostprocessing = 0;
		};
/* End PBXSourcesBuildPhase section */

/* Begin PBXTargetDependency section */
		246AC22B29351951004FAE20 /* PBXTargetDependency */ = {
			isa = PBXTargetDependency;
			target = 857A54EC2922D34300413841 /* Healthub */;
			targetProxy = 246AC22A29351951004FAE20 /* PBXContainerItemProxy */;
		};
/* End PBXTargetDependency section */

/* Begin XCBuildConfiguration section */
		246AC22C29351951004FAE20 /* Debug */ = {
			isa = XCBuildConfiguration;
			buildSettings = {
				BUNDLE_LOADER = "$(TEST_HOST)";
				CODE_SIGN_STYLE = Automatic;
				CURRENT_PROJECT_VERSION = 1;
				DEAD_CODE_STRIPPING = YES;
				DEVELOPMENT_TEAM = XH89Z8J7P5;
				GENERATE_INFOPLIST_FILE = YES;
				IPHONEOS_DEPLOYMENT_TARGET = 16.1;
				MACOSX_DEPLOYMENT_TARGET = 13.0;
				MARKETING_VERSION = 1.0;
				PRODUCT_BUNDLE_IDENTIFIER = com.sakura.Healthub.tests;
				PRODUCT_NAME = "$(TARGET_NAME)";
				SDKROOT = auto;
				SUPPORTED_PLATFORMS = "iphoneos iphonesimulator macosx";
				SWIFT_EMIT_LOC_STRINGS = NO;
				SWIFT_VERSION = 5.0;
				TARGETED_DEVICE_FAMILY = "1,2";
				TEST_HOST = "$(BUILT_PRODUCTS_DIR)/Healthub.app/$(BUNDLE_EXECUTABLE_FOLDER_PATH)/Healthub";
			};
			name = Debug;
		};
		246AC22D29351951004FAE20 /* Release */ = {
			isa = XCBuildConfiguration;
			buildSettings = {
				BUNDLE_LOADER = "$(TEST_HOST)";
				CODE_SIGN_STYLE = Automatic;
				CURRENT_PROJECT_VERSION = 1;
				DEAD_CODE_STRIPPING = YES;
				DEVELOPMENT_TEAM = XH89Z8J7P5;
				GENERATE_INFOPLIST_FILE = YES;
				IPHONEOS_DEPLOYMENT_TARGET = 16.1;
				MACOSX_DEPLOYMENT_TARGET = 13.0;
				MARKETING_VERSION = 1.0;
				PRODUCT_BUNDLE_IDENTIFIER = com.sakura.Healthub.tests;
				PRODUCT_NAME = "$(TARGET_NAME)";
				SDKROOT = auto;
				SUPPORTED_PLATFORMS = "iphoneos iphonesimulator macosx";
				SWIFT_EMIT_LOC_STRINGS = NO;
				SWIFT_VERSION = 5.0;
				TARGETED_DEVICE_FAMILY = "1,2";
				TEST_HOST = "$(BUILT_PRODUCTS_DIR)/Healthub.app/$(BUNDLE_EXECUTABLE_FOLDER_PATH)/Healthub";
			};
			name = Release;
		};
		857A54F92922D34400413841 /* Debug */ = {
			isa = XCBuildConfiguration;
			buildSettings = {
				ALWAYS_SEARCH_USER_PATHS = NO;
				CLANG_ANALYZER_NONNULL = YES;
				CLANG_ANALYZER_NUMBER_OBJECT_CONVERSION = YES_AGGRESSIVE;
				CLANG_CXX_LANGUAGE_STANDARD = "gnu++20";
				CLANG_ENABLE_MODULES = YES;
				CLANG_ENABLE_OBJC_ARC = YES;
				CLANG_ENABLE_OBJC_WEAK = YES;
				CLANG_WARN_BLOCK_CAPTURE_AUTORELEASING = YES;
				CLANG_WARN_BOOL_CONVERSION = YES;
				CLANG_WARN_COMMA = YES;
				CLANG_WARN_CONSTANT_CONVERSION = YES;
				CLANG_WARN_DEPRECATED_OBJC_IMPLEMENTATIONS = YES;
				CLANG_WARN_DIRECT_OBJC_ISA_USAGE = YES_ERROR;
				CLANG_WARN_DOCUMENTATION_COMMENTS = YES;
				CLANG_WARN_EMPTY_BODY = YES;
				CLANG_WARN_ENUM_CONVERSION = YES;
				CLANG_WARN_INFINITE_RECURSION = YES;
				CLANG_WARN_INT_CONVERSION = YES;
				CLANG_WARN_NON_LITERAL_NULL_CONVERSION = YES;
				CLANG_WARN_OBJC_IMPLICIT_RETAIN_SELF = YES;
				CLANG_WARN_OBJC_LITERAL_CONVERSION = YES;
				CLANG_WARN_OBJC_ROOT_CLASS = YES_ERROR;
				CLANG_WARN_QUOTED_INCLUDE_IN_FRAMEWORK_HEADER = YES;
				CLANG_WARN_RANGE_LOOP_ANALYSIS = YES;
				CLANG_WARN_STRICT_PROTOTYPES = YES;
				CLANG_WARN_SUSPICIOUS_MOVE = YES;
				CLANG_WARN_UNGUARDED_AVAILABILITY = YES_AGGRESSIVE;
				CLANG_WARN_UNREACHABLE_CODE = YES;
				CLANG_WARN__DUPLICATE_METHOD_MATCH = YES;
				COPY_PHASE_STRIP = NO;
				DEBUG_INFORMATION_FORMAT = dwarf;
				ENABLE_STRICT_OBJC_MSGSEND = YES;
				ENABLE_TESTABILITY = YES;
				GCC_C_LANGUAGE_STANDARD = gnu11;
				GCC_DYNAMIC_NO_PIC = NO;
				GCC_NO_COMMON_BLOCKS = YES;
				GCC_OPTIMIZATION_LEVEL = 0;
				GCC_PREPROCESSOR_DEFINITIONS = (
					"DEBUG=1",
					"$(inherited)",
				);
				GCC_WARN_64_TO_32_BIT_CONVERSION = YES;
				GCC_WARN_ABOUT_RETURN_TYPE = YES_ERROR;
				GCC_WARN_UNDECLARED_SELECTOR = YES;
				GCC_WARN_UNINITIALIZED_AUTOS = YES_AGGRESSIVE;
				GCC_WARN_UNUSED_FUNCTION = YES;
				GCC_WARN_UNUSED_VARIABLE = YES;
				IPHONEOS_DEPLOYMENT_TARGET = 16.0;
				MTL_ENABLE_DEBUG_INFO = INCLUDE_SOURCE;
				MTL_FAST_MATH = YES;
				ONLY_ACTIVE_ARCH = YES;
				SDKROOT = iphoneos;
				SWIFT_ACTIVE_COMPILATION_CONDITIONS = DEBUG;
				SWIFT_OPTIMIZATION_LEVEL = "-Onone";
				WATCHOS_DEPLOYMENT_TARGET = 9.0;
			};
			name = Debug;
		};
		857A54FA2922D34400413841 /* Release */ = {
			isa = XCBuildConfiguration;
			buildSettings = {
				ALWAYS_SEARCH_USER_PATHS = NO;
				CLANG_ANALYZER_NONNULL = YES;
				CLANG_ANALYZER_NUMBER_OBJECT_CONVERSION = YES_AGGRESSIVE;
				CLANG_CXX_LANGUAGE_STANDARD = "gnu++20";
				CLANG_ENABLE_MODULES = YES;
				CLANG_ENABLE_OBJC_ARC = YES;
				CLANG_ENABLE_OBJC_WEAK = YES;
				CLANG_WARN_BLOCK_CAPTURE_AUTORELEASING = YES;
				CLANG_WARN_BOOL_CONVERSION = YES;
				CLANG_WARN_COMMA = YES;
				CLANG_WARN_CONSTANT_CONVERSION = YES;
				CLANG_WARN_DEPRECATED_OBJC_IMPLEMENTATIONS = YES;
				CLANG_WARN_DIRECT_OBJC_ISA_USAGE = YES_ERROR;
				CLANG_WARN_DOCUMENTATION_COMMENTS = YES;
				CLANG_WARN_EMPTY_BODY = YES;
				CLANG_WARN_ENUM_CONVERSION = YES;
				CLANG_WARN_INFINITE_RECURSION = YES;
				CLANG_WARN_INT_CONVERSION = YES;
				CLANG_WARN_NON_LITERAL_NULL_CONVERSION = YES;
				CLANG_WARN_OBJC_IMPLICIT_RETAIN_SELF = YES;
				CLANG_WARN_OBJC_LITERAL_CONVERSION = YES;
				CLANG_WARN_OBJC_ROOT_CLASS = YES_ERROR;
				CLANG_WARN_QUOTED_INCLUDE_IN_FRAMEWORK_HEADER = YES;
				CLANG_WARN_RANGE_LOOP_ANALYSIS = YES;
				CLANG_WARN_STRICT_PROTOTYPES = YES;
				CLANG_WARN_SUSPICIOUS_MOVE = YES;
				CLANG_WARN_UNGUARDED_AVAILABILITY = YES_AGGRESSIVE;
				CLANG_WARN_UNREACHABLE_CODE = YES;
				CLANG_WARN__DUPLICATE_METHOD_MATCH = YES;
				COPY_PHASE_STRIP = NO;
				DEBUG_INFORMATION_FORMAT = "dwarf-with-dsym";
				ENABLE_NS_ASSERTIONS = NO;
				ENABLE_STRICT_OBJC_MSGSEND = YES;
				GCC_C_LANGUAGE_STANDARD = gnu11;
				GCC_NO_COMMON_BLOCKS = YES;
				GCC_WARN_64_TO_32_BIT_CONVERSION = YES;
				GCC_WARN_ABOUT_RETURN_TYPE = YES_ERROR;
				GCC_WARN_UNDECLARED_SELECTOR = YES;
				GCC_WARN_UNINITIALIZED_AUTOS = YES_AGGRESSIVE;
				GCC_WARN_UNUSED_FUNCTION = YES;
				GCC_WARN_UNUSED_VARIABLE = YES;
				IPHONEOS_DEPLOYMENT_TARGET = 16.0;
				MTL_ENABLE_DEBUG_INFO = NO;
				MTL_FAST_MATH = YES;
				SDKROOT = iphoneos;
				SWIFT_COMPILATION_MODE = wholemodule;
				SWIFT_OPTIMIZATION_LEVEL = "-O";
				VALIDATE_PRODUCT = YES;
				WATCHOS_DEPLOYMENT_TARGET = 9.0;
			};
			name = Release;
		};
		857A54FC2922D34400413841 /* Debug */ = {
			isa = XCBuildConfiguration;
			buildSettings = {
				ASSETCATALOG_COMPILER_APPICON_NAME = HealthubIcon;
				ASSETCATALOG_COMPILER_GLOBAL_ACCENT_COLOR_NAME = AstroRed;
				CODE_SIGN_STYLE = Automatic;
				CURRENT_PROJECT_VERSION = 1;
				DEVELOPMENT_ASSET_PATHS = "\"Healthub/Preview Content\"";
				DEVELOPMENT_TEAM = 5MLNK3T9JX;
				ENABLE_PREVIEWS = YES;
				GENERATE_INFOPLIST_FILE = YES;
				INFOPLIST_KEY_CFBundleDisplayName = Healthub;
				INFOPLIST_KEY_LSApplicationCategoryType = "public.app-category.medical";
				INFOPLIST_KEY_UIApplicationSceneManifest_Generation = YES;
				INFOPLIST_KEY_UIApplicationSupportsIndirectInputEvents = YES;
				INFOPLIST_KEY_UILaunchScreen_Generation = YES;
				INFOPLIST_KEY_UISupportedInterfaceOrientations = UIInterfaceOrientationPortrait;
				INFOPLIST_KEY_UISupportedInterfaceOrientations_iPad = "UIInterfaceOrientationLandscapeLeft UIInterfaceOrientationLandscapeRight UIInterfaceOrientationPortrait UIInterfaceOrientationPortraitUpsideDown";
				IPHONEOS_DEPLOYMENT_TARGET = 16.0;
				LD_RUNPATH_SEARCH_PATHS = (
					"$(inherited)",
					"@executable_path/Frameworks",
				);
				MARKETING_VERSION = 1.0;
				PRODUCT_BUNDLE_IDENTIFIER = com.sakura.Healthub;
				PRODUCT_NAME = "$(TARGET_NAME)";
				SUPPORTED_PLATFORMS = "iphoneos iphonesimulator";
				SUPPORTS_MACCATALYST = NO;
				SUPPORTS_MAC_DESIGNED_FOR_IPHONE_IPAD = NO;
				SWIFT_EMIT_LOC_STRINGS = YES;
				SWIFT_VERSION = 5.0;
				TARGETED_DEVICE_FAMILY = 1;
			};
			name = Debug;
		};
		857A54FD2922D34400413841 /* Release */ = {
			isa = XCBuildConfiguration;
			buildSettings = {
				ASSETCATALOG_COMPILER_APPICON_NAME = HealthubIcon;
				ASSETCATALOG_COMPILER_GLOBAL_ACCENT_COLOR_NAME = AstroRed;
				CODE_SIGN_STYLE = Automatic;
				CURRENT_PROJECT_VERSION = 1;
				DEVELOPMENT_ASSET_PATHS = "\"Healthub/Preview Content\"";
				DEVELOPMENT_TEAM = XH89Z8J7P5;
				ENABLE_PREVIEWS = YES;
				GENERATE_INFOPLIST_FILE = YES;
				INFOPLIST_KEY_CFBundleDisplayName = Healthub;
				INFOPLIST_KEY_LSApplicationCategoryType = "public.app-category.medical";
				INFOPLIST_KEY_UIApplicationSceneManifest_Generation = YES;
				INFOPLIST_KEY_UIApplicationSupportsIndirectInputEvents = YES;
				INFOPLIST_KEY_UILaunchScreen_Generation = YES;
				INFOPLIST_KEY_UISupportedInterfaceOrientations = UIInterfaceOrientationPortrait;
				INFOPLIST_KEY_UISupportedInterfaceOrientations_iPad = "UIInterfaceOrientationLandscapeLeft UIInterfaceOrientationLandscapeRight UIInterfaceOrientationPortrait UIInterfaceOrientationPortraitUpsideDown";
				IPHONEOS_DEPLOYMENT_TARGET = 16.0;
				LD_RUNPATH_SEARCH_PATHS = (
					"$(inherited)",
					"@executable_path/Frameworks",
				);
				MARKETING_VERSION = 1.0;
				PRODUCT_BUNDLE_IDENTIFIER = com.sakura.Healthub;
				PRODUCT_NAME = "$(TARGET_NAME)";
				SUPPORTED_PLATFORMS = "iphoneos iphonesimulator";
				SUPPORTS_MACCATALYST = NO;
				SUPPORTS_MAC_DESIGNED_FOR_IPHONE_IPAD = NO;
				SWIFT_EMIT_LOC_STRINGS = YES;
				SWIFT_VERSION = 5.0;
				TARGETED_DEVICE_FAMILY = 1;
			};
			name = Release;
		};
		8596F508295358F500E2410C /* Debug */ = {
			isa = XCBuildConfiguration;
			buildSettings = {
				ASSETCATALOG_COMPILER_APPICON_NAME = AppIcon;
				ASSETCATALOG_COMPILER_GLOBAL_ACCENT_COLOR_NAME = AstroRed;
				CODE_SIGN_STYLE = Automatic;
				CURRENT_PROJECT_VERSION = 1;
				DEVELOPMENT_ASSET_PATHS = "\"Healthub Watch/Preview Content\"";
				DEVELOPMENT_TEAM = XH89Z8J7P5;
				ENABLE_PREVIEWS = YES;
				GENERATE_INFOPLIST_FILE = YES;
				INFOPLIST_FILE = "Healthub-Watch-Info.plist";
				INFOPLIST_KEY_UISupportedInterfaceOrientations = "UIInterfaceOrientationPortrait UIInterfaceOrientationPortraitUpsideDown";
				INFOPLIST_KEY_WKCompanionAppBundleIdentifier = com.sakura.Healthub;
				LD_RUNPATH_SEARCH_PATHS = (
					"$(inherited)",
					"@executable_path/Frameworks",
				);
				MARKETING_VERSION = 1.0;
				PRODUCT_BUNDLE_IDENTIFIER = com.sakura.Healthub.watchkitapp.watchkitextension;
				PRODUCT_NAME = Healthub;
				SDKROOT = watchos;
				SKIP_INSTALL = YES;
				SWIFT_EMIT_LOC_STRINGS = YES;
				SWIFT_VERSION = 5.0;
				TARGETED_DEVICE_FAMILY = 4;
				WATCHOS_DEPLOYMENT_TARGET = 9.1;
			};
			name = Debug;
		};
		8596F509295358F500E2410C /* Release */ = {
			isa = XCBuildConfiguration;
			buildSettings = {
				ASSETCATALOG_COMPILER_APPICON_NAME = AppIcon;
				ASSETCATALOG_COMPILER_GLOBAL_ACCENT_COLOR_NAME = AstroRed;
				CODE_SIGN_STYLE = Automatic;
				CURRENT_PROJECT_VERSION = 1;
				DEVELOPMENT_ASSET_PATHS = "\"Healthub Watch/Preview Content\"";
				DEVELOPMENT_TEAM = XH89Z8J7P5;
				ENABLE_PREVIEWS = YES;
				GENERATE_INFOPLIST_FILE = YES;
				INFOPLIST_FILE = "Healthub-Watch-Info.plist";
				INFOPLIST_KEY_UISupportedInterfaceOrientations = "UIInterfaceOrientationPortrait UIInterfaceOrientationPortraitUpsideDown";
				INFOPLIST_KEY_WKCompanionAppBundleIdentifier = com.sakura.Healthub;
				LD_RUNPATH_SEARCH_PATHS = (
					"$(inherited)",
					"@executable_path/Frameworks",
				);
				MARKETING_VERSION = 1.0;
				PRODUCT_BUNDLE_IDENTIFIER = com.sakura.Healthub.watchkitapp.watchkitextension;
				PRODUCT_NAME = Healthub;
				SDKROOT = watchos;
				SKIP_INSTALL = YES;
				SWIFT_EMIT_LOC_STRINGS = YES;
				SWIFT_VERSION = 5.0;
				TARGETED_DEVICE_FAMILY = 4;
				WATCHOS_DEPLOYMENT_TARGET = 9.1;
			};
			name = Release;
		};
/* End XCBuildConfiguration section */

/* Begin XCConfigurationList section */
		246AC22E29351951004FAE20 /* Build configuration list for PBXNativeTarget "HealthubTests" */ = {
			isa = XCConfigurationList;
			buildConfigurations = (
				246AC22C29351951004FAE20 /* Debug */,
				246AC22D29351951004FAE20 /* Release */,
			);
			defaultConfigurationIsVisible = 0;
			defaultConfigurationName = Release;
		};
		857A54E82922D34300413841 /* Build configuration list for PBXProject "Healthub" */ = {
			isa = XCConfigurationList;
			buildConfigurations = (
				857A54F92922D34400413841 /* Debug */,
				857A54FA2922D34400413841 /* Release */,
			);
			defaultConfigurationIsVisible = 0;
			defaultConfigurationName = Release;
		};
		857A54FB2922D34400413841 /* Build configuration list for PBXNativeTarget "Healthub" */ = {
			isa = XCConfigurationList;
			buildConfigurations = (
				857A54FC2922D34400413841 /* Debug */,
				857A54FD2922D34400413841 /* Release */,
			);
			defaultConfigurationIsVisible = 0;
			defaultConfigurationName = Release;
		};
		8596F50A295358F500E2410C /* Build configuration list for PBXNativeTarget "Healthub Watch" */ = {
			isa = XCConfigurationList;
			buildConfigurations = (
				8596F508295358F500E2410C /* Debug */,
				8596F509295358F500E2410C /* Release */,
			);
			defaultConfigurationIsVisible = 0;
			defaultConfigurationName = Release;
		};
/* End XCConfigurationList section */

/* Begin XCRemoteSwiftPackageReference section */
		2417594E2927A5290051BE0B /* XCRemoteSwiftPackageReference "SwiftKeychainWrapper" */ = {
			isa = XCRemoteSwiftPackageReference;
			repositoryURL = "https://github.com/jrendel/SwiftKeychainWrapper";
			requirement = {
				kind = upToNextMajorVersion;
				minimumVersion = 4.0.0;
			};
		};
		243A9C99292B8C5600731E3D /* XCRemoteSwiftPackageReference "AlertToast" */ = {
			isa = XCRemoteSwiftPackageReference;
			repositoryURL = "https://github.com/elai950/AlertToast";
			requirement = {
				kind = upToNextMajorVersion;
				minimumVersion = 1.0.0;
			};
		};
		852F1A352946B09200B57B18 /* XCRemoteSwiftPackageReference "TextView" */ = {
			isa = XCRemoteSwiftPackageReference;
			repositoryURL = "https://github.com/kenmueller/TextView";
			requirement = {
				branch = master;
				kind = branch;
			};
		};
		8536F54C2968E9EF008CFBD0 /* XCRemoteSwiftPackageReference "SPAlert" */ = {
			isa = XCRemoteSwiftPackageReference;
			repositoryURL = "https://github.com/ivanvorobei/SPAlert";
			requirement = {
				kind = upToNextMajorVersion;
				minimumVersion = 4.0.0;
			};
		};
		8536F54F2968F53D008CFBD0 /* XCRemoteSwiftPackageReference "SPIndicator" */ = {
			isa = XCRemoteSwiftPackageReference;
			repositoryURL = "https://github.com/ivanvorobei/SPIndicator";
			requirement = {
				kind = upToNextMajorVersion;
				minimumVersion = 1.0.0;
			};
		};
/* End XCRemoteSwiftPackageReference section */

/* Begin XCSwiftPackageProductDependency section */
		2417594F2927A5290051BE0B /* SwiftKeychainWrapper */ = {
			isa = XCSwiftPackageProductDependency;
			package = 2417594E2927A5290051BE0B /* XCRemoteSwiftPackageReference "SwiftKeychainWrapper" */;
			productName = SwiftKeychainWrapper;
		};
		2431A5462959A797001F9E64 /* SwiftKeychainWrapper */ = {
			isa = XCSwiftPackageProductDependency;
			package = 2417594E2927A5290051BE0B /* XCRemoteSwiftPackageReference "SwiftKeychainWrapper" */;
			productName = SwiftKeychainWrapper;
		};
		243A9C9A292B8C5600731E3D /* AlertToast */ = {
			isa = XCSwiftPackageProductDependency;
			package = 243A9C99292B8C5600731E3D /* XCRemoteSwiftPackageReference "AlertToast" */;
			productName = AlertToast;
		};
		852F1A362946B09200B57B18 /* TextView */ = {
			isa = XCSwiftPackageProductDependency;
			package = 852F1A352946B09200B57B18 /* XCRemoteSwiftPackageReference "TextView" */;
			productName = TextView;
		};
		8536F54D2968E9EF008CFBD0 /* SPAlert */ = {
			isa = XCSwiftPackageProductDependency;
			package = 8536F54C2968E9EF008CFBD0 /* XCRemoteSwiftPackageReference "SPAlert" */;
			productName = SPAlert;
		};
		8536F5502968F53D008CFBD0 /* SPIndicator */ = {
			isa = XCSwiftPackageProductDependency;
			package = 8536F54F2968F53D008CFBD0 /* XCRemoteSwiftPackageReference "SPIndicator" */;
			productName = SPIndicator;
		};
/* End XCSwiftPackageProductDependency section */

/* Begin XCVersionGroup section */
		24889475295D89E5002215A7 /* persistenceData.xcdatamodeld */ = {
			isa = XCVersionGroup;
			children = (
				24889476295D89E5002215A7 /* Persistence.xcdatamodel */,
			);
			currentVersion = 24889476295D89E5002215A7 /* Persistence.xcdatamodel */;
			path = persistenceData.xcdatamodeld;
			sourceTree = "<group>";
			versionGroupType = wrapper.xcdatamodel;
		};
/* End XCVersionGroup section */
	};
	rootObject = 857A54E52922D34300413841 /* Project object */;
}
